// !$*UTF8*$!
{
	archiveVersion = 1;
	classes = {
	};
	objectVersion = 70;
	objects = {

/* Begin PBXBuildFile section */
		2F49B7762980407C00BCB272 /* Spezi in Frameworks */ = {isa = PBXBuildFile; productRef = 2F49B7752980407B00BCB272 /* Spezi */; };
		2FD8E82A2A1AADDA00357F4E /* ModelsDSTU2 in Frameworks */ = {isa = PBXBuildFile; productRef = 2FD8E8292A1AADDA00357F4E /* ModelsDSTU2 */; };
		2FD8E82C2A1AADDA00357F4E /* ModelsR4 in Frameworks */ = {isa = PBXBuildFile; productRef = 2FD8E82B2A1AADDA00357F4E /* ModelsR4 */; };
		2FD8E8312A1AB00D00357F4E /* HealthKitOnFHIR in Frameworks */ = {isa = PBXBuildFile; productRef = 2FD8E8302A1AB00D00357F4E /* HealthKitOnFHIR */; };
		2FE5DC7229EDD8D3004B9AB4 /* SpeziHealthKit in Frameworks */ = {isa = PBXBuildFile; productRef = 2FE5DC7129EDD8D3004B9AB4 /* SpeziHealthKit */; };
		2FE5DC8129EDD91D004B9AB4 /* SpeziOnboarding in Frameworks */ = {isa = PBXBuildFile; productRef = 2FE5DC8029EDD91D004B9AB4 /* SpeziOnboarding */; };
		2FE5DC9929EDD9D9004B9AB4 /* XCTestExtensions in Frameworks */ = {isa = PBXBuildFile; productRef = 2FE5DC9829EDD9D9004B9AB4 /* XCTestExtensions */; };
		2FE5DC9C29EDD9EF004B9AB4 /* XCTHealthKit in Frameworks */ = {isa = PBXBuildFile; productRef = 2FE5DC9B29EDD9EF004B9AB4 /* XCTHealthKit */; };
		44E18E882CEBEC9500829A26 /* SpeziLLM in Frameworks */ = {isa = PBXBuildFile; productRef = 44E18E872CEBEC9500829A26 /* SpeziLLM */; };
		44E18E8A2CEBEC9500829A26 /* SpeziLLMFog in Frameworks */ = {isa = PBXBuildFile; productRef = 44E18E892CEBEC9500829A26 /* SpeziLLMFog */; };
		44E18E8C2CEBEC9500829A26 /* SpeziLLMLocal in Frameworks */ = {isa = PBXBuildFile; productRef = 44E18E8B2CEBEC9500829A26 /* SpeziLLMLocal */; };
		44E18E8E2CEBEC9500829A26 /* SpeziLLMLocalDownload in Frameworks */ = {isa = PBXBuildFile; productRef = 44E18E8D2CEBEC9500829A26 /* SpeziLLMLocalDownload */; };
		44E18E902CEBEC9500829A26 /* SpeziLLMOpenAI in Frameworks */ = {isa = PBXBuildFile; productRef = 44E18E8F2CEBEC9500829A26 /* SpeziLLMOpenAI */; };
		44E18E932CEBF29200829A26 /* SpeziLocalStorage in Frameworks */ = {isa = PBXBuildFile; productRef = 44E18E922CEBF29200829A26 /* SpeziLocalStorage */; };
		65D074CB2E535E5400821C04 /* SpeziViews in Frameworks */ = {isa = PBXBuildFile; productRef = 65D074CA2E535E5400821C04 /* SpeziViews */; };
		9710D3562B84151F00E0A20F /* SpeziChat in Frameworks */ = {isa = PBXBuildFile; productRef = 9710D3552B84151F00E0A20F /* SpeziChat */; };
		9733FC572B60E5FB0024F12C /* SpeziFHIR in Frameworks */ = {isa = PBXBuildFile; productRef = 9733FC562B60E5FB0024F12C /* SpeziFHIR */; };
		9733FC592B60E5FB0024F12C /* SpeziFHIRHealthKit in Frameworks */ = {isa = PBXBuildFile; productRef = 9733FC582B60E5FB0024F12C /* SpeziFHIRHealthKit */; };
		9733FC5D2B60E5FB0024F12C /* SpeziFHIRMockPatients in Frameworks */ = {isa = PBXBuildFile; productRef = 9733FC5C2B60E5FB0024F12C /* SpeziFHIRMockPatients */; };
		97BC1F272B7F390100438263 /* SpeziFHIR in Frameworks */ = {isa = PBXBuildFile; productRef = 97BC1F262B7F390100438263 /* SpeziFHIR */; };
		97BC1F2B2B7F390100438263 /* SpeziFHIRHealthKit in Frameworks */ = {isa = PBXBuildFile; productRef = 97BC1F2A2B7F390100438263 /* SpeziFHIRHealthKit */; };
		97BC1F2F2B7F390100438263 /* SpeziFHIRMockPatients in Frameworks */ = {isa = PBXBuildFile; productRef = 97BC1F2E2B7F390100438263 /* SpeziFHIRMockPatients */; };
		97BECCD22B8C68C10017E47D /* SpeziFHIR in Frameworks */ = {isa = PBXBuildFile; productRef = 97BECCD12B8C68C10017E47D /* SpeziFHIR */; };
		97BECCD42B8C68C10017E47D /* SpeziFHIRHealthKit in Frameworks */ = {isa = PBXBuildFile; productRef = 97BECCD32B8C68C10017E47D /* SpeziFHIRHealthKit */; };
		97BECCD82B8C68C10017E47D /* SpeziFHIRMockPatients in Frameworks */ = {isa = PBXBuildFile; productRef = 97BECCD72B8C68C10017E47D /* SpeziFHIRMockPatients */; };
		97EAB5DE2B7A010A00A0B036 /* SpeziFHIR in Frameworks */ = {isa = PBXBuildFile; productRef = 97EAB5DD2B7A010A00A0B036 /* SpeziFHIR */; };
		97EAB5E02B7A010A00A0B036 /* SpeziFHIRHealthKit in Frameworks */ = {isa = PBXBuildFile; productRef = 97EAB5DF2B7A010A00A0B036 /* SpeziFHIRHealthKit */; };
		97EAB5E42B7A010A00A0B036 /* SpeziFHIRMockPatients in Frameworks */ = {isa = PBXBuildFile; productRef = 97EAB5E32B7A010A00A0B036 /* SpeziFHIRMockPatients */; };
		C01EADB72D686A3000B559E9 /* SpeziAccessGuard in Frameworks */ = {isa = PBXBuildFile; productRef = C01EADB62D686A3000B559E9 /* SpeziAccessGuard */; };
		C0FA07262D39357B002485FF /* SpeziFHIR in Frameworks */ = {isa = PBXBuildFile; productRef = C0FA07252D39357B002485FF /* SpeziFHIR */; };
		C0FA07282D39357B002485FF /* SpeziFHIRHealthKit in Frameworks */ = {isa = PBXBuildFile; productRef = C0FA07272D39357B002485FF /* SpeziFHIRHealthKit */; };
		C0FA072A2D39357B002485FF /* SpeziFHIRMockPatients in Frameworks */ = {isa = PBXBuildFile; productRef = C0FA07292D39357B002485FF /* SpeziFHIRMockPatients */; };
/* End PBXBuildFile section */

/* Begin PBXContainerItemProxy section */
		653A255E28338800005D4D48 /* PBXContainerItemProxy */ = {
			isa = PBXContainerItemProxy;
			containerPortal = 653A2545283387FE005D4D48 /* Project object */;
			proxyType = 1;
			remoteGlobalIDString = 653A254C283387FE005D4D48;
			remoteInfo = LLMonFHIR;
		};
		653A256828338800005D4D48 /* PBXContainerItemProxy */ = {
			isa = PBXContainerItemProxy;
			containerPortal = 653A2545283387FE005D4D48 /* Project object */;
			proxyType = 1;
			remoteGlobalIDString = 653A254C283387FE005D4D48;
			remoteInfo = LLMonFHIR;
		};
/* End PBXContainerItemProxy section */

/* Begin PBXFileReference section */
		2FC94CD4298B0A1D009C8209 /* LLMonFHIR.xctestplan */ = {isa = PBXFileReference; lastKnownFileType = text; path = LLMonFHIR.xctestplan; sourceTree = "<group>"; };
		653A254D283387FE005D4D48 /* LLMonFHIR.app */ = {isa = PBXFileReference; explicitFileType = wrapper.application; includeInIndex = 0; path = LLMonFHIR.app; sourceTree = BUILT_PRODUCTS_DIR; };
		653A255D28338800005D4D48 /* LLMonFHIRTests.xctest */ = {isa = PBXFileReference; explicitFileType = wrapper.cfbundle; includeInIndex = 0; path = LLMonFHIRTests.xctest; sourceTree = BUILT_PRODUCTS_DIR; };
		653A256728338800005D4D48 /* LLMonFHIRUITests.xctest */ = {isa = PBXFileReference; explicitFileType = wrapper.cfbundle; includeInIndex = 0; path = LLMonFHIRUITests.xctest; sourceTree = BUILT_PRODUCTS_DIR; };
		97B76BCD2B195D650019D706 /* CONTRIBUTORS.md */ = {isa = PBXFileReference; lastKnownFileType = net.daringfireball.markdown; path = CONTRIBUTORS.md; sourceTree = "<group>"; };
/* End PBXFileReference section */

/* Begin PBXFileSystemSynchronizedBuildFileExceptionSet section */
		65397E232D8159A90067F1BE /* PBXFileSystemSynchronizedBuildFileExceptionSet */ = {
			isa = PBXFileSystemSynchronizedBuildFileExceptionSet;
			membershipExceptions = (
				"Supporting Files/Info.plist",
			);
			target = 653A254C283387FE005D4D48 /* LLMonFHIR */;
		};
/* End PBXFileSystemSynchronizedBuildFileExceptionSet section */

/* Begin PBXFileSystemSynchronizedRootGroup section */
		65397DF32D8159A90067F1BE /* LLMonFHIR */ = {isa = PBXFileSystemSynchronizedRootGroup; exceptions = (65397E232D8159A90067F1BE /* PBXFileSystemSynchronizedBuildFileExceptionSet */, ); explicitFileTypes = {}; explicitFolders = (); path = LLMonFHIR; sourceTree = "<group>"; };
		65397E252D8159AC0067F1BE /* LLMonFHIRTests */ = {isa = PBXFileSystemSynchronizedRootGroup; explicitFileTypes = {}; explicitFolders = (); path = LLMonFHIRTests; sourceTree = "<group>"; };
		65397E292D8159AF0067F1BE /* LLMonFHIRUITests */ = {isa = PBXFileSystemSynchronizedRootGroup; explicitFileTypes = {}; explicitFolders = (); path = LLMonFHIRUITests; sourceTree = "<group>"; };
/* End PBXFileSystemSynchronizedRootGroup section */

/* Begin PBXFrameworksBuildPhase section */
		653A254A283387FE005D4D48 /* Frameworks */ = {
			isa = PBXFrameworksBuildPhase;
			buildActionMask = 2147483647;
			files = (
				44E18E932CEBF29200829A26 /* SpeziLocalStorage in Frameworks */,
				44E18E882CEBEC9500829A26 /* SpeziLLM in Frameworks */,
				44E18E8E2CEBEC9500829A26 /* SpeziLLMLocalDownload in Frameworks */,
				97EAB5E02B7A010A00A0B036 /* SpeziFHIRHealthKit in Frameworks */,
				9733FC592B60E5FB0024F12C /* SpeziFHIRHealthKit in Frameworks */,
				97BC1F2B2B7F390100438263 /* SpeziFHIRHealthKit in Frameworks */,
				2FD8E82C2A1AADDA00357F4E /* ModelsR4 in Frameworks */,
				2FD8E82A2A1AADDA00357F4E /* ModelsDSTU2 in Frameworks */,
				2FE5DC7229EDD8D3004B9AB4 /* SpeziHealthKit in Frameworks */,
				44E18E8A2CEBEC9500829A26 /* SpeziLLMFog in Frameworks */,
				97BECCD82B8C68C10017E47D /* SpeziFHIRMockPatients in Frameworks */,
				97BECCD42B8C68C10017E47D /* SpeziFHIRHealthKit in Frameworks */,
				C0FA07282D39357B002485FF /* SpeziFHIRHealthKit in Frameworks */,
				9710D3562B84151F00E0A20F /* SpeziChat in Frameworks */,
				C0FA07262D39357B002485FF /* SpeziFHIR in Frameworks */,
				97BC1F272B7F390100438263 /* SpeziFHIR in Frameworks */,
				2F49B7762980407C00BCB272 /* Spezi in Frameworks */,
				97BECCD22B8C68C10017E47D /* SpeziFHIR in Frameworks */,
				44E18E8C2CEBEC9500829A26 /* SpeziLLMLocal in Frameworks */,
				2FD8E8312A1AB00D00357F4E /* HealthKitOnFHIR in Frameworks */,
				97EAB5E42B7A010A00A0B036 /* SpeziFHIRMockPatients in Frameworks */,
				44E18E902CEBEC9500829A26 /* SpeziLLMOpenAI in Frameworks */,
				9733FC5D2B60E5FB0024F12C /* SpeziFHIRMockPatients in Frameworks */,
				65D074CB2E535E5400821C04 /* SpeziViews in Frameworks */,
				C0FA072A2D39357B002485FF /* SpeziFHIRMockPatients in Frameworks */,
				97EAB5DE2B7A010A00A0B036 /* SpeziFHIR in Frameworks */,
				2FE5DC8129EDD91D004B9AB4 /* SpeziOnboarding in Frameworks */,
				C01EADB72D686A3000B559E9 /* SpeziAccessGuard in Frameworks */,
				97BC1F2F2B7F390100438263 /* SpeziFHIRMockPatients in Frameworks */,
				9733FC572B60E5FB0024F12C /* SpeziFHIR in Frameworks */,
			);
			runOnlyForDeploymentPostprocessing = 0;
		};
		653A255A28338800005D4D48 /* Frameworks */ = {
			isa = PBXFrameworksBuildPhase;
			buildActionMask = 2147483647;
			files = (
			);
			runOnlyForDeploymentPostprocessing = 0;
		};
		653A256428338800005D4D48 /* Frameworks */ = {
			isa = PBXFrameworksBuildPhase;
			buildActionMask = 2147483647;
			files = (
				2FE5DC9929EDD9D9004B9AB4 /* XCTestExtensions in Frameworks */,
				2FE5DC9C29EDD9EF004B9AB4 /* XCTHealthKit in Frameworks */,
			);
			runOnlyForDeploymentPostprocessing = 0;
		};
/* End PBXFrameworksBuildPhase section */

/* Begin PBXGroup section */
		653A2544283387FE005D4D48 = {
			isa = PBXGroup;
			children = (
				97B76BCD2B195D650019D706 /* CONTRIBUTORS.md */,
				2FC94CD4298B0A1D009C8209 /* LLMonFHIR.xctestplan */,
				65397DF32D8159A90067F1BE /* LLMonFHIR */,
				65397E252D8159AC0067F1BE /* LLMonFHIRTests */,
				65397E292D8159AF0067F1BE /* LLMonFHIRUITests */,
				653A254E283387FE005D4D48 /* Products */,
				653A258B283395A7005D4D48 /* Frameworks */,
			);
			sourceTree = "<group>";
		};
		653A254E283387FE005D4D48 /* Products */ = {
			isa = PBXGroup;
			children = (
				653A254D283387FE005D4D48 /* LLMonFHIR.app */,
				653A255D28338800005D4D48 /* LLMonFHIRTests.xctest */,
				653A256728338800005D4D48 /* LLMonFHIRUITests.xctest */,
			);
			name = Products;
			sourceTree = "<group>";
		};
		653A258B283395A7005D4D48 /* Frameworks */ = {
			isa = PBXGroup;
			children = (
			);
			name = Frameworks;
			sourceTree = "<group>";
		};
/* End PBXGroup section */

/* Begin PBXNativeTarget section */
		653A254C283387FE005D4D48 /* LLMonFHIR */ = {
			isa = PBXNativeTarget;
			buildConfigurationList = 653A257128338800005D4D48 /* Build configuration list for PBXNativeTarget "LLMonFHIR" */;
			buildPhases = (
				653A2549283387FE005D4D48 /* Sources */,
				653A254A283387FE005D4D48 /* Frameworks */,
				653A254B283387FE005D4D48 /* Resources */,
			);
			buildRules = (
			);
			dependencies = (
				65A965182D7D21EC00F42471 /* PBXTargetDependency */,
			);
			fileSystemSynchronizedGroups = (
				65397DF32D8159A90067F1BE /* LLMonFHIR */,
			);
			name = LLMonFHIR;
			packageProductDependencies = (
				2F49B7752980407B00BCB272 /* Spezi */,
				2FE5DC7129EDD8D3004B9AB4 /* SpeziHealthKit */,
				2FE5DC8029EDD91D004B9AB4 /* SpeziOnboarding */,
				2FD8E8292A1AADDA00357F4E /* ModelsDSTU2 */,
				2FD8E82B2A1AADDA00357F4E /* ModelsR4 */,
				2FD8E8302A1AB00D00357F4E /* HealthKitOnFHIR */,
				9733FC562B60E5FB0024F12C /* SpeziFHIR */,
				9733FC582B60E5FB0024F12C /* SpeziFHIRHealthKit */,
				9733FC5C2B60E5FB0024F12C /* SpeziFHIRMockPatients */,
				97EAB5DD2B7A010A00A0B036 /* SpeziFHIR */,
				97EAB5DF2B7A010A00A0B036 /* SpeziFHIRHealthKit */,
				97EAB5E32B7A010A00A0B036 /* SpeziFHIRMockPatients */,
				97BC1F262B7F390100438263 /* SpeziFHIR */,
				97BC1F2A2B7F390100438263 /* SpeziFHIRHealthKit */,
				97BC1F2E2B7F390100438263 /* SpeziFHIRMockPatients */,
				9710D3552B84151F00E0A20F /* SpeziChat */,
				97BECCD12B8C68C10017E47D /* SpeziFHIR */,
				97BECCD32B8C68C10017E47D /* SpeziFHIRHealthKit */,
				97BECCD72B8C68C10017E47D /* SpeziFHIRMockPatients */,
				44E18E872CEBEC9500829A26 /* SpeziLLM */,
				44E18E892CEBEC9500829A26 /* SpeziLLMFog */,
				44E18E8B2CEBEC9500829A26 /* SpeziLLMLocal */,
				44E18E8D2CEBEC9500829A26 /* SpeziLLMLocalDownload */,
				44E18E8F2CEBEC9500829A26 /* SpeziLLMOpenAI */,
				44E18E922CEBF29200829A26 /* SpeziLocalStorage */,
				C0FA07252D39357B002485FF /* SpeziFHIR */,
				C0FA07272D39357B002485FF /* SpeziFHIRHealthKit */,
				C0FA07292D39357B002485FF /* SpeziFHIRMockPatients */,
				C01EADB62D686A3000B559E9 /* SpeziAccessGuard */,
				65D074CA2E535E5400821C04 /* SpeziViews */,
			);
			productName = LLMonFHIR;
			productReference = 653A254D283387FE005D4D48 /* LLMonFHIR.app */;
			productType = "com.apple.product-type.application";
		};
		653A255C28338800005D4D48 /* LLMonFHIRTests */ = {
			isa = PBXNativeTarget;
			buildConfigurationList = 653A257428338800005D4D48 /* Build configuration list for PBXNativeTarget "LLMonFHIRTests" */;
			buildPhases = (
				653A255928338800005D4D48 /* Sources */,
				653A255A28338800005D4D48 /* Frameworks */,
				653A255B28338800005D4D48 /* Resources */,
			);
			buildRules = (
			);
			dependencies = (
				653A255F28338800005D4D48 /* PBXTargetDependency */,
			);
			fileSystemSynchronizedGroups = (
				65397E252D8159AC0067F1BE /* LLMonFHIRTests */,
			);
			name = LLMonFHIRTests;
			productName = LLMonFHIRTests;
			productReference = 653A255D28338800005D4D48 /* LLMonFHIRTests.xctest */;
			productType = "com.apple.product-type.bundle.unit-test";
		};
		653A256628338800005D4D48 /* LLMonFHIRUITests */ = {
			isa = PBXNativeTarget;
			buildConfigurationList = 653A257728338800005D4D48 /* Build configuration list for PBXNativeTarget "LLMonFHIRUITests" */;
			buildPhases = (
				653A256328338800005D4D48 /* Sources */,
				653A256428338800005D4D48 /* Frameworks */,
				653A256528338800005D4D48 /* Resources */,
			);
			buildRules = (
			);
			dependencies = (
				653A256928338800005D4D48 /* PBXTargetDependency */,
			);
			fileSystemSynchronizedGroups = (
				65397E292D8159AF0067F1BE /* LLMonFHIRUITests */,
			);
			name = LLMonFHIRUITests;
			packageProductDependencies = (
				2FE5DC9829EDD9D9004B9AB4 /* XCTestExtensions */,
				2FE5DC9B29EDD9EF004B9AB4 /* XCTHealthKit */,
			);
			productName = LLMonFHIRUITests;
			productReference = 653A256728338800005D4D48 /* LLMonFHIRUITests.xctest */;
			productType = "com.apple.product-type.bundle.ui-testing";
		};
/* End PBXNativeTarget section */

/* Begin PBXProject section */
		653A2545283387FE005D4D48 /* Project object */ = {
			isa = PBXProject;
			attributes = {
				BuildIndependentTargetsInParallel = 1;
				LastSwiftUpdateCheck = 1340;
				LastUpgradeCheck = 2600;
				TargetAttributes = {
					653A254C283387FE005D4D48 = {
						CreatedOnToolsVersion = 13.4;
					};
					653A255C28338800005D4D48 = {
						CreatedOnToolsVersion = 13.4;
						TestTargetID = 653A254C283387FE005D4D48;
					};
					653A256628338800005D4D48 = {
						CreatedOnToolsVersion = 13.4;
						TestTargetID = 653A254C283387FE005D4D48;
					};
				};
			};
			buildConfigurationList = 653A2548283387FE005D4D48 /* Build configuration list for PBXProject "LLMonFHIR" */;
			compatibilityVersion = "Xcode 13.0";
			developmentRegion = en;
			hasScannedForEncodings = 0;
			knownRegions = (
				en,
				Base,
				de,
				"zh-Hans",
				es,
				fr,
			);
			mainGroup = 653A2544283387FE005D4D48;
			packageReferences = (
				2F49B7742980407B00BCB272 /* XCRemoteSwiftPackageReference "Spezi" */,
				2FE5DC7029EDD8D3004B9AB4 /* XCRemoteSwiftPackageReference "SpeziHealthKit" */,
				2FE5DC7F29EDD91D004B9AB4 /* XCRemoteSwiftPackageReference "SpeziOnboarding" */,
				2FE5DC9729EDD9D9004B9AB4 /* XCRemoteSwiftPackageReference "XCTestExtensions" */,
				2FE5DC9A29EDD9EF004B9AB4 /* XCRemoteSwiftPackageReference "XCTHealthKit" */,
				2FD8E8282A1AADDA00357F4E /* XCRemoteSwiftPackageReference "FHIRModels" */,
				2FD8E82F2A1AB00D00357F4E /* XCRemoteSwiftPackageReference "HealthKitOnFHIR" */,
				44E18E912CEBF26800829A26 /* XCRemoteSwiftPackageReference "SpeziStorage" */,
				44E18EE82CED09C800829A26 /* XCRemoteSwiftPackageReference "SpeziChat" */,
				44E18EE92CED09DA00829A26 /* XCRemoteSwiftPackageReference "SpeziSpeech" */,
				C0FA07222D3932FB002485FF /* XCRemoteSwiftPackageReference "SpeziLLM" */,
				C0FA07242D39357B002485FF /* XCRemoteSwiftPackageReference "SpeziFHIR" */,
				C01EADB52D686A3000B559E9 /* XCRemoteSwiftPackageReference "SpeziAccessGuard" */,
				65A965162D7D21C400F42471 /* XCRemoteSwiftPackageReference "SwiftLint" */,
				65D074C92E535E5400821C04 /* XCRemoteSwiftPackageReference "SpeziViews" */,
			);
			productRefGroup = 653A254E283387FE005D4D48 /* Products */;
			projectDirPath = "";
			projectRoot = "";
			targets = (
				653A254C283387FE005D4D48 /* LLMonFHIR */,
				653A255C28338800005D4D48 /* LLMonFHIRTests */,
				653A256628338800005D4D48 /* LLMonFHIRUITests */,
			);
		};
/* End PBXProject section */

/* Begin PBXResourcesBuildPhase section */
		653A254B283387FE005D4D48 /* Resources */ = {
			isa = PBXResourcesBuildPhase;
			buildActionMask = 2147483647;
			files = (
			);
			runOnlyForDeploymentPostprocessing = 0;
		};
		653A255B28338800005D4D48 /* Resources */ = {
			isa = PBXResourcesBuildPhase;
			buildActionMask = 2147483647;
			files = (
			);
			runOnlyForDeploymentPostprocessing = 0;
		};
		653A256528338800005D4D48 /* Resources */ = {
			isa = PBXResourcesBuildPhase;
			buildActionMask = 2147483647;
			files = (
			);
			runOnlyForDeploymentPostprocessing = 0;
		};
/* End PBXResourcesBuildPhase section */

/* Begin PBXSourcesBuildPhase section */
		653A2549283387FE005D4D48 /* Sources */ = {
			isa = PBXSourcesBuildPhase;
			buildActionMask = 2147483647;
			files = (
			);
			runOnlyForDeploymentPostprocessing = 0;
		};
		653A255928338800005D4D48 /* Sources */ = {
			isa = PBXSourcesBuildPhase;
			buildActionMask = 2147483647;
			files = (
			);
			runOnlyForDeploymentPostprocessing = 0;
		};
		653A256328338800005D4D48 /* Sources */ = {
			isa = PBXSourcesBuildPhase;
			buildActionMask = 2147483647;
			files = (
			);
			runOnlyForDeploymentPostprocessing = 0;
		};
/* End PBXSourcesBuildPhase section */

/* Begin PBXTargetDependency section */
		653A255F28338800005D4D48 /* PBXTargetDependency */ = {
			isa = PBXTargetDependency;
			target = 653A254C283387FE005D4D48 /* LLMonFHIR */;
			targetProxy = 653A255E28338800005D4D48 /* PBXContainerItemProxy */;
		};
		653A256928338800005D4D48 /* PBXTargetDependency */ = {
			isa = PBXTargetDependency;
			target = 653A254C283387FE005D4D48 /* LLMonFHIR */;
			targetProxy = 653A256828338800005D4D48 /* PBXContainerItemProxy */;
		};
		65A965182D7D21EC00F42471 /* PBXTargetDependency */ = {
			isa = PBXTargetDependency;
			productRef = 65A965172D7D21EC00F42471 /* SwiftLintBuildToolPlugin */;
		};
/* End PBXTargetDependency section */

/* Begin XCBuildConfiguration section */
		2FEE10302998C89C000822E1 /* Test */ = {
			isa = XCBuildConfiguration;
			buildSettings = {
				ALWAYS_SEARCH_USER_PATHS = NO;
				ASSETCATALOG_COMPILER_GENERATE_SWIFT_ASSET_SYMBOL_EXTENSIONS = YES;
				CLANG_ANALYZER_LOCALIZABILITY_NONLOCALIZED = YES;
				CLANG_ANALYZER_NONNULL = YES;
				CLANG_ANALYZER_NUMBER_OBJECT_CONVERSION = YES_AGGRESSIVE;
				CLANG_CXX_LANGUAGE_STANDARD = "gnu++17";
				CLANG_ENABLE_MODULES = YES;
				CLANG_ENABLE_OBJC_ARC = YES;
				CLANG_ENABLE_OBJC_WEAK = YES;
				CLANG_WARN_BLOCK_CAPTURE_AUTORELEASING = YES;
				CLANG_WARN_BOOL_CONVERSION = YES;
				CLANG_WARN_COMMA = YES;
				CLANG_WARN_CONSTANT_CONVERSION = YES;
				CLANG_WARN_DEPRECATED_OBJC_IMPLEMENTATIONS = YES;
				CLANG_WARN_DIRECT_OBJC_ISA_USAGE = YES_ERROR;
				CLANG_WARN_DOCUMENTATION_COMMENTS = YES;
				CLANG_WARN_EMPTY_BODY = YES;
				CLANG_WARN_ENUM_CONVERSION = YES;
				CLANG_WARN_INFINITE_RECURSION = YES;
				CLANG_WARN_INT_CONVERSION = YES;
				CLANG_WARN_NON_LITERAL_NULL_CONVERSION = YES;
				CLANG_WARN_OBJC_IMPLICIT_RETAIN_SELF = YES;
				CLANG_WARN_OBJC_LITERAL_CONVERSION = YES;
				CLANG_WARN_OBJC_ROOT_CLASS = YES_ERROR;
				CLANG_WARN_QUOTED_INCLUDE_IN_FRAMEWORK_HEADER = YES;
				CLANG_WARN_RANGE_LOOP_ANALYSIS = YES;
				CLANG_WARN_STRICT_PROTOTYPES = YES;
				CLANG_WARN_SUSPICIOUS_MOVE = YES;
				CLANG_WARN_UNGUARDED_AVAILABILITY = YES_AGGRESSIVE;
				CLANG_WARN_UNREACHABLE_CODE = YES;
				CLANG_WARN__DUPLICATE_METHOD_MATCH = YES;
				COPY_PHASE_STRIP = NO;
				DEBUG_INFORMATION_FORMAT = dwarf;
				ENABLE_STRICT_OBJC_MSGSEND = YES;
				ENABLE_TESTABILITY = YES;
				ENABLE_USER_SCRIPT_SANDBOXING = YES;
				GCC_C_LANGUAGE_STANDARD = gnu11;
				GCC_DYNAMIC_NO_PIC = NO;
				GCC_NO_COMMON_BLOCKS = YES;
				GCC_OPTIMIZATION_LEVEL = 0;
				GCC_PREPROCESSOR_DEFINITIONS = (
					"DEBUG=1",
					"$(inherited)",
				);
				GCC_WARN_64_TO_32_BIT_CONVERSION = YES;
				GCC_WARN_ABOUT_RETURN_TYPE = YES_ERROR;
				GCC_WARN_UNDECLARED_SELECTOR = YES;
				GCC_WARN_UNINITIALIZED_AUTOS = YES_AGGRESSIVE;
				GCC_WARN_UNUSED_FUNCTION = YES;
				GCC_WARN_UNUSED_VARIABLE = YES;
				IPHONEOS_DEPLOYMENT_TARGET = 17.0;
				LOCALIZATION_PREFERS_STRING_CATALOGS = YES;
				MTL_ENABLE_DEBUG_INFO = INCLUDE_SOURCE;
				MTL_FAST_MATH = YES;
				ONLY_ACTIVE_ARCH = YES;
				SDKROOT = iphoneos;
				STRING_CATALOG_GENERATE_SYMBOLS = YES;
				SWIFT_ACTIVE_COMPILATION_CONDITIONS = TEST;
				SWIFT_APPROACHABLE_CONCURRENCY = YES;
				SWIFT_OPTIMIZATION_LEVEL = "-Onone";
				SWIFT_VERSION = 6.0;
			};
			name = Test;
		};
		2FEE10312998C89C000822E1 /* Test */ = {
			isa = XCBuildConfiguration;
			buildSettings = {
				ASSETCATALOG_COMPILER_APPICON_NAME = AppIcon;
				ASSETCATALOG_COMPILER_GLOBAL_ACCENT_COLOR_NAME = AccentColor;
				CODE_SIGN_ENTITLEMENTS = "LLMonFHIR/Supporting Files/LLMonFHIR.entitlements";
				CODE_SIGN_IDENTITY = "Apple Development";
				CODE_SIGN_STYLE = Automatic;
				CURRENT_PROJECT_VERSION = 1;
				DEVELOPMENT_ASSET_PATHS = "";
				DEVELOPMENT_TEAM = 637867499T;
				ENABLE_PREVIEWS = YES;
				GENERATE_INFOPLIST_FILE = YES;
				INFOPLIST_FILE = "LLMonFHIR/Supporting Files/Info.plist";
				INFOPLIST_KEY_ITSAppUsesNonExemptEncryption = NO;
				INFOPLIST_KEY_NSCameraUsageDescription = "This message should never appear. Please adjust this when you start using camera information. We have to put this in here as ResearchKit has the possibility to use it and not putting it here returns an error on AppStore Connect.";
				INFOPLIST_KEY_NSHealthClinicalHealthRecordsShareUsageDescription = "The Spezi LLMonFHIR uses the health data to demonstrate the capabilities of LLMs to explain medical concepts based on patient data provided by FHIR APIs.";
				INFOPLIST_KEY_NSHealthShareUsageDescription = "The Spezi LLMonFHIR uses the health data to demonstrate the capabilities of LLMs to explain medical concepts based on patient data provided by FHIR APIs.";
				INFOPLIST_KEY_NSHealthUpdateUsageDescription = "The Spezi LLMonFHIR uses the step count to demonstrate Spezi's integration with HealthKit.";
				INFOPLIST_KEY_NSLocationAlwaysAndWhenInUseUsageDescription = "This message should never appear. Please adjust this when you start using location information. We have to put this in here as ResearchKit has the possibility to use it and not putting it here returns an error on AppStore Connect.";
				INFOPLIST_KEY_NSLocationWhenInUseUsageDescription = "This message should never appear. Please adjust this when you start using location information. We have to put this in here as ResearchKit has the possibility to use it and not putting it here returns an error on AppStore Connect.";
				INFOPLIST_KEY_NSMicrophoneUsageDescription = "This message should never appear. Please adjust this when you start using microphone information. We have to put this in here as ResearchKit has the possibility to use it and not putting it here returns an error on AppStore Connect.";
				INFOPLIST_KEY_NSMotionUsageDescription = "This message should never appear. Please adjust this when you start using motion information. We have to put this in here as ResearchKit has the possibility to use it and not putting it here returns an error on AppStore Connect.";
				INFOPLIST_KEY_NSSpeechRecognitionUsageDescription = "This message should never appear. Please adjust this when you start using speecg information. We have to put this in here as ResearchKit has the possibility to use it and not putting it here returns an error on AppStore Connect.";
				INFOPLIST_KEY_UILLMonFHIRlicationSceneManifest_Generation = YES;
				INFOPLIST_KEY_UILLMonFHIRlicationSupportsIndirectInputEvents = YES;
				INFOPLIST_KEY_UILaunchScreen_Generation = YES;
				INFOPLIST_KEY_UISupportedInterfaceOrientations = UIInterfaceOrientationPortrait;
				INFOPLIST_KEY_UISupportedInterfaceOrientations_iPad = "UIInterfaceOrientationLandscapeLeft UIInterfaceOrientationLandscapeRight UIInterfaceOrientationPortrait UIInterfaceOrientationPortraitUpsideDown";
				LD_RUNPATH_SEARCH_PATHS = (
					"$(inherited)",
					"@executable_path/Frameworks",
				);
				MARKETING_VERSION = 1.0;
				PRODUCT_BUNDLE_IDENTIFIER = edu.stanford.bdhg.llmonfhir;
				PRODUCT_NAME = "$(TARGET_NAME)";
				PROVISIONING_PROFILE_SPECIFIER = "";
				SUPPORTED_PLATFORMS = "iphoneos iphonesimulator";
				SUPPORTS_MACCATALYST = NO;
				SUPPORTS_MAC_DESIGNED_FOR_IPHONE_IPAD = YES;
				"SWIFT_ELicenseRef-LLMonFHIR_LOC_STRINGS" = YES;
				SWIFT_EMIT_LOC_STRINGS = YES;
				TARGETED_DEVICE_FAMILY = "1,2";
			};
			name = Test;
		};
		2FEE10322998C89C000822E1 /* Test */ = {
			isa = XCBuildConfiguration;
			buildSettings = {
				BUNDLE_LOADER = "$(TEST_HOST)";
				CODE_SIGN_STYLE = Automatic;
				CURRENT_PROJECT_VERSION = 1;
				DEVELOPMENT_TEAM = 637867499T;
				GENERATE_INFOPLIST_FILE = YES;
				MARKETING_VERSION = 1.0;
				PRODUCT_BUNDLE_IDENTIFIER = edu.stanford.bdhg.llmonfhir.tests;
				PRODUCT_NAME = "$(TARGET_NAME)";
				"SWIFT_ELicenseRef-LLMonFHIR_LOC_STRINGS" = NO;
				TARGETED_DEVICE_FAMILY = "1,2";
				TEST_HOST = "$(BUILT_PRODUCTS_DIR)/LLMonFHIR.app/LLMonFHIR";
			};
			name = Test;
		};
		2FEE10332998C89C000822E1 /* Test */ = {
			isa = XCBuildConfiguration;
			buildSettings = {
				CODE_SIGN_STYLE = Automatic;
				CURRENT_PROJECT_VERSION = 1;
				DEVELOPMENT_TEAM = 637867499T;
				GENERATE_INFOPLIST_FILE = YES;
				MARKETING_VERSION = 1.0;
				PRODUCT_BUNDLE_IDENTIFIER = edu.stanford.bdhg.llmonfhiruitests;
				PRODUCT_NAME = "$(TARGET_NAME)";
				"SWIFT_ELicenseRef-LLMonFHIR_LOC_STRINGS" = NO;
				TARGETED_DEVICE_FAMILY = "1,2";
				TEST_TARGET_NAME = LLMonFHIR;
			};
			name = Test;
		};
		653A256F28338800005D4D48 /* Debug */ = {
			isa = XCBuildConfiguration;
			buildSettings = {
				ALWAYS_SEARCH_USER_PATHS = NO;
				ASSETCATALOG_COMPILER_GENERATE_SWIFT_ASSET_SYMBOL_EXTENSIONS = YES;
				CLANG_ANALYZER_LOCALIZABILITY_NONLOCALIZED = YES;
				CLANG_ANALYZER_NONNULL = YES;
				CLANG_ANALYZER_NUMBER_OBJECT_CONVERSION = YES_AGGRESSIVE;
				CLANG_CXX_LANGUAGE_STANDARD = "gnu++17";
				CLANG_ENABLE_MODULES = YES;
				CLANG_ENABLE_OBJC_ARC = YES;
				CLANG_ENABLE_OBJC_WEAK = YES;
				CLANG_WARN_BLOCK_CAPTURE_AUTORELEASING = YES;
				CLANG_WARN_BOOL_CONVERSION = YES;
				CLANG_WARN_COMMA = YES;
				CLANG_WARN_CONSTANT_CONVERSION = YES;
				CLANG_WARN_DEPRECATED_OBJC_IMPLEMENTATIONS = YES;
				CLANG_WARN_DIRECT_OBJC_ISA_USAGE = YES_ERROR;
				CLANG_WARN_DOCUMENTATION_COMMENTS = YES;
				CLANG_WARN_EMPTY_BODY = YES;
				CLANG_WARN_ENUM_CONVERSION = YES;
				CLANG_WARN_INFINITE_RECURSION = YES;
				CLANG_WARN_INT_CONVERSION = YES;
				CLANG_WARN_NON_LITERAL_NULL_CONVERSION = YES;
				CLANG_WARN_OBJC_IMPLICIT_RETAIN_SELF = YES;
				CLANG_WARN_OBJC_LITERAL_CONVERSION = YES;
				CLANG_WARN_OBJC_ROOT_CLASS = YES_ERROR;
				CLANG_WARN_QUOTED_INCLUDE_IN_FRAMEWORK_HEADER = YES;
				CLANG_WARN_RANGE_LOOP_ANALYSIS = YES;
				CLANG_WARN_STRICT_PROTOTYPES = YES;
				CLANG_WARN_SUSPICIOUS_MOVE = YES;
				CLANG_WARN_UNGUARDED_AVAILABILITY = YES_AGGRESSIVE;
				CLANG_WARN_UNREACHABLE_CODE = YES;
				CLANG_WARN__DUPLICATE_METHOD_MATCH = YES;
				COPY_PHASE_STRIP = NO;
				DEBUG_INFORMATION_FORMAT = dwarf;
				ENABLE_STRICT_OBJC_MSGSEND = YES;
				ENABLE_TESTABILITY = YES;
				ENABLE_USER_SCRIPT_SANDBOXING = YES;
				GCC_C_LANGUAGE_STANDARD = gnu11;
				GCC_DYNAMIC_NO_PIC = NO;
				GCC_NO_COMMON_BLOCKS = YES;
				GCC_OPTIMIZATION_LEVEL = 0;
				GCC_PREPROCESSOR_DEFINITIONS = (
					"DEBUG=1",
					"$(inherited)",
				);
				GCC_WARN_64_TO_32_BIT_CONVERSION = YES;
				GCC_WARN_ABOUT_RETURN_TYPE = YES_ERROR;
				GCC_WARN_UNDECLARED_SELECTOR = YES;
				GCC_WARN_UNINITIALIZED_AUTOS = YES_AGGRESSIVE;
				GCC_WARN_UNUSED_FUNCTION = YES;
				GCC_WARN_UNUSED_VARIABLE = YES;
				IPHONEOS_DEPLOYMENT_TARGET = 17.0;
				LOCALIZATION_PREFERS_STRING_CATALOGS = YES;
				MTL_ENABLE_DEBUG_INFO = INCLUDE_SOURCE;
				MTL_FAST_MATH = YES;
				ONLY_ACTIVE_ARCH = YES;
				SDKROOT = iphoneos;
				STRING_CATALOG_GENERATE_SYMBOLS = YES;
				SWIFT_ACTIVE_COMPILATION_CONDITIONS = DEBUG;
				SWIFT_APPROACHABLE_CONCURRENCY = YES;
				SWIFT_OPTIMIZATION_LEVEL = "-Onone";
				SWIFT_VERSION = 6.0;
			};
			name = Debug;
		};
		653A257028338800005D4D48 /* Release */ = {
			isa = XCBuildConfiguration;
			buildSettings = {
				ALWAYS_SEARCH_USER_PATHS = NO;
				ASSETCATALOG_COMPILER_GENERATE_SWIFT_ASSET_SYMBOL_EXTENSIONS = YES;
				CLANG_ANALYZER_LOCALIZABILITY_NONLOCALIZED = YES;
				CLANG_ANALYZER_NONNULL = YES;
				CLANG_ANALYZER_NUMBER_OBJECT_CONVERSION = YES_AGGRESSIVE;
				CLANG_CXX_LANGUAGE_STANDARD = "gnu++17";
				CLANG_ENABLE_MODULES = YES;
				CLANG_ENABLE_OBJC_ARC = YES;
				CLANG_ENABLE_OBJC_WEAK = YES;
				CLANG_WARN_BLOCK_CAPTURE_AUTORELEASING = YES;
				CLANG_WARN_BOOL_CONVERSION = YES;
				CLANG_WARN_COMMA = YES;
				CLANG_WARN_CONSTANT_CONVERSION = YES;
				CLANG_WARN_DEPRECATED_OBJC_IMPLEMENTATIONS = YES;
				CLANG_WARN_DIRECT_OBJC_ISA_USAGE = YES_ERROR;
				CLANG_WARN_DOCUMENTATION_COMMENTS = YES;
				CLANG_WARN_EMPTY_BODY = YES;
				CLANG_WARN_ENUM_CONVERSION = YES;
				CLANG_WARN_INFINITE_RECURSION = YES;
				CLANG_WARN_INT_CONVERSION = YES;
				CLANG_WARN_NON_LITERAL_NULL_CONVERSION = YES;
				CLANG_WARN_OBJC_IMPLICIT_RETAIN_SELF = YES;
				CLANG_WARN_OBJC_LITERAL_CONVERSION = YES;
				CLANG_WARN_OBJC_ROOT_CLASS = YES_ERROR;
				CLANG_WARN_QUOTED_INCLUDE_IN_FRAMEWORK_HEADER = YES;
				CLANG_WARN_RANGE_LOOP_ANALYSIS = YES;
				CLANG_WARN_STRICT_PROTOTYPES = YES;
				CLANG_WARN_SUSPICIOUS_MOVE = YES;
				CLANG_WARN_UNGUARDED_AVAILABILITY = YES_AGGRESSIVE;
				CLANG_WARN_UNREACHABLE_CODE = YES;
				CLANG_WARN__DUPLICATE_METHOD_MATCH = YES;
				COPY_PHASE_STRIP = NO;
				DEBUG_INFORMATION_FORMAT = "dwarf-with-dsym";
				ENABLE_NS_ASSERTIONS = NO;
				ENABLE_STRICT_OBJC_MSGSEND = YES;
				ENABLE_USER_SCRIPT_SANDBOXING = YES;
				GCC_C_LANGUAGE_STANDARD = gnu11;
				GCC_NO_COMMON_BLOCKS = YES;
				GCC_WARN_64_TO_32_BIT_CONVERSION = YES;
				GCC_WARN_ABOUT_RETURN_TYPE = YES_ERROR;
				GCC_WARN_UNDECLARED_SELECTOR = YES;
				GCC_WARN_UNINITIALIZED_AUTOS = YES_AGGRESSIVE;
				GCC_WARN_UNUSED_FUNCTION = YES;
				GCC_WARN_UNUSED_VARIABLE = YES;
				IPHONEOS_DEPLOYMENT_TARGET = 17.0;
				LOCALIZATION_PREFERS_STRING_CATALOGS = YES;
				MTL_ENABLE_DEBUG_INFO = NO;
				MTL_FAST_MATH = YES;
				SDKROOT = iphoneos;
				STRING_CATALOG_GENERATE_SYMBOLS = YES;
				SWIFT_APPROACHABLE_CONCURRENCY = YES;
				SWIFT_COMPILATION_MODE = wholemodule;
				SWIFT_OPTIMIZATION_LEVEL = "-O";
				SWIFT_VERSION = 6.0;
				VALIDATE_PRODUCT = YES;
			};
			name = Release;
		};
		653A257228338800005D4D48 /* Debug */ = {
			isa = XCBuildConfiguration;
			buildSettings = {
				ASSETCATALOG_COMPILER_APPICON_NAME = AppIcon;
				ASSETCATALOG_COMPILER_GLOBAL_ACCENT_COLOR_NAME = AccentColor;
				CODE_SIGN_ENTITLEMENTS = "LLMonFHIR/Supporting Files/LLMonFHIR.entitlements";
				CODE_SIGN_IDENTITY = "Apple Development";
				CODE_SIGN_STYLE = Automatic;
				CURRENT_PROJECT_VERSION = 1;
				DEVELOPMENT_ASSET_PATHS = "";
				DEVELOPMENT_TEAM = 637867499T;
				ENABLE_PREVIEWS = YES;
				GENERATE_INFOPLIST_FILE = YES;
				INFOPLIST_FILE = "LLMonFHIR/Supporting Files/Info.plist";
				INFOPLIST_KEY_ITSAppUsesNonExemptEncryption = NO;
				INFOPLIST_KEY_NSCameraUsageDescription = "This message should never appear. Please adjust this when you start using camera information. We have to put this in here as ResearchKit has the possibility to use it and not putting it here returns an error on AppStore Connect.";
				INFOPLIST_KEY_NSHealthClinicalHealthRecordsShareUsageDescription = "The Spezi LLMonFHIR uses the health data to demonstrate the capabilities of LLMs to explain medical concepts based on patient data provided by FHIR APIs.";
				INFOPLIST_KEY_NSHealthShareUsageDescription = "The Spezi LLMonFHIR uses the health data to demonstrate the capabilities of LLMs to explain medical concepts based on patient data provided by FHIR APIs.";
				INFOPLIST_KEY_NSHealthUpdateUsageDescription = "The Spezi LLMonFHIR uses the step count to demonstrate Spezi's integration with HealthKit.";
				INFOPLIST_KEY_NSLocationAlwaysAndWhenInUseUsageDescription = "This message should never appear. Please adjust this when you start using location information. We have to put this in here as ResearchKit has the possibility to use it and not putting it here returns an error on AppStore Connect.";
				INFOPLIST_KEY_NSLocationWhenInUseUsageDescription = "This message should never appear. Please adjust this when you start using location information. We have to put this in here as ResearchKit has the possibility to use it and not putting it here returns an error on AppStore Connect.";
				INFOPLIST_KEY_NSMicrophoneUsageDescription = "This message should never appear. Please adjust this when you start using microphone information. We have to put this in here as ResearchKit has the possibility to use it and not putting it here returns an error on AppStore Connect.";
				INFOPLIST_KEY_NSMotionUsageDescription = "This message should never appear. Please adjust this when you start using motion information. We have to put this in here as ResearchKit has the possibility to use it and not putting it here returns an error on AppStore Connect.";
				INFOPLIST_KEY_NSSpeechRecognitionUsageDescription = "This message should never appear. Please adjust this when you start using speecg information. We have to put this in here as ResearchKit has the possibility to use it and not putting it here returns an error on AppStore Connect.";
				INFOPLIST_KEY_UILLMonFHIRlicationSceneManifest_Generation = YES;
				INFOPLIST_KEY_UILLMonFHIRlicationSupportsIndirectInputEvents = YES;
				INFOPLIST_KEY_UILaunchScreen_Generation = YES;
				INFOPLIST_KEY_UISupportedInterfaceOrientations = UIInterfaceOrientationPortrait;
				INFOPLIST_KEY_UISupportedInterfaceOrientations_iPad = "UIInterfaceOrientationLandscapeLeft UIInterfaceOrientationLandscapeRight UIInterfaceOrientationPortrait UIInterfaceOrientationPortraitUpsideDown";
				LD_RUNPATH_SEARCH_PATHS = (
					"$(inherited)",
					"@executable_path/Frameworks",
				);
				MARKETING_VERSION = 1.0;
				PRODUCT_BUNDLE_IDENTIFIER = edu.stanford.bdhg.llmonfhir;
				PRODUCT_NAME = "$(TARGET_NAME)";
				PROVISIONING_PROFILE_SPECIFIER = "";
				SUPPORTED_PLATFORMS = "iphoneos iphonesimulator";
				SUPPORTS_MACCATALYST = NO;
				SUPPORTS_MAC_DESIGNED_FOR_IPHONE_IPAD = YES;
				"SWIFT_ELicenseRef-LLMonFHIR_LOC_STRINGS" = YES;
				SWIFT_EMIT_LOC_STRINGS = YES;
				TARGETED_DEVICE_FAMILY = "1,2";
			};
			name = Debug;
		};
		653A257328338800005D4D48 /* Release */ = {
			isa = XCBuildConfiguration;
			buildSettings = {
				ASSETCATALOG_COMPILER_APPICON_NAME = AppIcon;
				ASSETCATALOG_COMPILER_GLOBAL_ACCENT_COLOR_NAME = AccentColor;
				CODE_SIGN_ENTITLEMENTS = "LLMonFHIR/Supporting Files/LLMonFHIR.entitlements";
				CODE_SIGN_IDENTITY = "Apple Development";
				"CODE_SIGN_IDENTITY[sdk=iphoneos*]" = "iPhone Distribution";
				CODE_SIGN_STYLE = Manual;
				CURRENT_PROJECT_VERSION = 1;
				DEVELOPMENT_ASSET_PATHS = "";
				DEVELOPMENT_TEAM = "";
				"DEVELOPMENT_TEAM[sdk=iphoneos*]" = 637867499T;
				ENABLE_PREVIEWS = YES;
				GENERATE_INFOPLIST_FILE = YES;
				INFOPLIST_FILE = "LLMonFHIR/Supporting Files/Info.plist";
				INFOPLIST_KEY_ITSAppUsesNonExemptEncryption = NO;
				INFOPLIST_KEY_NSCameraUsageDescription = "This message should never appear. Please adjust this when you start using camera information. We have to put this in here as ResearchKit has the possibility to use it and not putting it here returns an error on AppStore Connect.";
				INFOPLIST_KEY_NSHealthClinicalHealthRecordsShareUsageDescription = "The Spezi LLMonFHIR uses the health data to demonstrate the capabilities of LLMs to explain medical concepts based on patient data provided by FHIR APIs.";
				INFOPLIST_KEY_NSHealthShareUsageDescription = "The Spezi LLMonFHIR uses the health data to demonstrate the capabilities of LLMs to explain medical concepts based on patient data provided by FHIR APIs.";
				INFOPLIST_KEY_NSHealthUpdateUsageDescription = "The Spezi LLMonFHIR uses the step count to demonstrate Spezi's integration with HealthKit.";
				INFOPLIST_KEY_NSLocationAlwaysAndWhenInUseUsageDescription = "This message should never appear. Please adjust this when you start using location information. We have to put this in here as ResearchKit has the possibility to use it and not putting it here returns an error on AppStore Connect.";
				INFOPLIST_KEY_NSLocationWhenInUseUsageDescription = "This message should never appear. Please adjust this when you start using location information. We have to put this in here as ResearchKit has the possibility to use it and not putting it here returns an error on AppStore Connect.";
				INFOPLIST_KEY_NSMicrophoneUsageDescription = "This message should never appear. Please adjust this when you start using microphone information. We have to put this in here as ResearchKit has the possibility to use it and not putting it here returns an error on AppStore Connect.";
				INFOPLIST_KEY_NSMotionUsageDescription = "This message should never appear. Please adjust this when you start using motion information. We have to put this in here as ResearchKit has the possibility to use it and not putting it here returns an error on AppStore Connect.";
				INFOPLIST_KEY_NSSpeechRecognitionUsageDescription = "This message should never appear. Please adjust this when you start using speecg information. We have to put this in here as ResearchKit has the possibility to use it and not putting it here returns an error on AppStore Connect.";
				INFOPLIST_KEY_UILLMonFHIRlicationSceneManifest_Generation = YES;
				INFOPLIST_KEY_UILLMonFHIRlicationSupportsIndirectInputEvents = YES;
				INFOPLIST_KEY_UILaunchScreen_Generation = YES;
				INFOPLIST_KEY_UISupportedInterfaceOrientations = UIInterfaceOrientationPortrait;
				INFOPLIST_KEY_UISupportedInterfaceOrientations_iPad = "UIInterfaceOrientationLandscapeLeft UIInterfaceOrientationLandscapeRight UIInterfaceOrientationPortrait UIInterfaceOrientationPortraitUpsideDown";
				LD_RUNPATH_SEARCH_PATHS = (
					"$(inherited)",
					"@executable_path/Frameworks",
				);
				MARKETING_VERSION = 1.0;
				PRODUCT_BUNDLE_IDENTIFIER = edu.stanford.bdhg.llmonfhir;
				PRODUCT_NAME = "$(TARGET_NAME)";
				PROVISIONING_PROFILE_SPECIFIER = "";
				"PROVISIONING_PROFILE_SPECIFIER[sdk=iphoneos*]" = "LLM on FHIR";
				SUPPORTED_PLATFORMS = "iphoneos iphonesimulator";
				SUPPORTS_MACCATALYST = NO;
				SUPPORTS_MAC_DESIGNED_FOR_IPHONE_IPAD = YES;
				"SWIFT_ELicenseRef-LLMonFHIR_LOC_STRINGS" = YES;
				SWIFT_EMIT_LOC_STRINGS = YES;
				TARGETED_DEVICE_FAMILY = "1,2";
			};
			name = Release;
		};
		653A257528338800005D4D48 /* Debug */ = {
			isa = XCBuildConfiguration;
			buildSettings = {
				BUNDLE_LOADER = "$(TEST_HOST)";
				CODE_SIGN_STYLE = Automatic;
				CURRENT_PROJECT_VERSION = 1;
				DEVELOPMENT_TEAM = 637867499T;
				GENERATE_INFOPLIST_FILE = YES;
				MARKETING_VERSION = 1.0;
				PRODUCT_BUNDLE_IDENTIFIER = edu.stanford.bdhg.llmonfhir.tests;
				PRODUCT_NAME = "$(TARGET_NAME)";
				"SWIFT_ELicenseRef-LLMonFHIR_LOC_STRINGS" = NO;
				TARGETED_DEVICE_FAMILY = "1,2";
				TEST_HOST = "$(BUILT_PRODUCTS_DIR)/LLMonFHIR.app/LLMonFHIR";
			};
			name = Debug;
		};
		653A257628338800005D4D48 /* Release */ = {
			isa = XCBuildConfiguration;
			buildSettings = {
				BUNDLE_LOADER = "$(TEST_HOST)";
				CODE_SIGN_STYLE = Automatic;
				CURRENT_PROJECT_VERSION = 1;
				DEVELOPMENT_TEAM = 637867499T;
				GENERATE_INFOPLIST_FILE = YES;
				MARKETING_VERSION = 1.0;
				PRODUCT_BUNDLE_IDENTIFIER = edu.stanford.bdhg.llmonfhir.tests;
				PRODUCT_NAME = "$(TARGET_NAME)";
				"SWIFT_ELicenseRef-LLMonFHIR_LOC_STRINGS" = NO;
				TARGETED_DEVICE_FAMILY = "1,2";
				TEST_HOST = "$(BUILT_PRODUCTS_DIR)/LLMonFHIR.app/LLMonFHIR";
			};
			name = Release;
		};
		653A257828338800005D4D48 /* Debug */ = {
			isa = XCBuildConfiguration;
			buildSettings = {
				CODE_SIGN_STYLE = Automatic;
				CURRENT_PROJECT_VERSION = 1;
				DEVELOPMENT_TEAM = 637867499T;
				GENERATE_INFOPLIST_FILE = YES;
				MARKETING_VERSION = 1.0;
				PRODUCT_BUNDLE_IDENTIFIER = edu.stanford.bdhg.llmonfhiruitests;
				PRODUCT_NAME = "$(TARGET_NAME)";
				"SWIFT_ELicenseRef-LLMonFHIR_LOC_STRINGS" = NO;
				TARGETED_DEVICE_FAMILY = "1,2";
				TEST_TARGET_NAME = LLMonFHIR;
			};
			name = Debug;
		};
		653A257928338800005D4D48 /* Release */ = {
			isa = XCBuildConfiguration;
			buildSettings = {
				CODE_SIGN_STYLE = Automatic;
				CURRENT_PROJECT_VERSION = 1;
				DEVELOPMENT_TEAM = 637867499T;
				GENERATE_INFOPLIST_FILE = YES;
				MARKETING_VERSION = 1.0;
				PRODUCT_BUNDLE_IDENTIFIER = edu.stanford.bdhg.llmonfhiruitests;
				PRODUCT_NAME = "$(TARGET_NAME)";
				"SWIFT_ELicenseRef-LLMonFHIR_LOC_STRINGS" = NO;
				TARGETED_DEVICE_FAMILY = "1,2";
				TEST_TARGET_NAME = LLMonFHIR;
			};
			name = Release;
		};
/* End XCBuildConfiguration section */

/* Begin XCConfigurationList section */
		653A2548283387FE005D4D48 /* Build configuration list for PBXProject "LLMonFHIR" */ = {
			isa = XCConfigurationList;
			buildConfigurations = (
				653A256F28338800005D4D48 /* Debug */,
				2FEE10302998C89C000822E1 /* Test */,
				653A257028338800005D4D48 /* Release */,
			);
			defaultConfigurationIsVisible = 0;
			defaultConfigurationName = Release;
		};
		653A257128338800005D4D48 /* Build configuration list for PBXNativeTarget "LLMonFHIR" */ = {
			isa = XCConfigurationList;
			buildConfigurations = (
				653A257228338800005D4D48 /* Debug */,
				2FEE10312998C89C000822E1 /* Test */,
				653A257328338800005D4D48 /* Release */,
			);
			defaultConfigurationIsVisible = 0;
			defaultConfigurationName = Release;
		};
		653A257428338800005D4D48 /* Build configuration list for PBXNativeTarget "LLMonFHIRTests" */ = {
			isa = XCConfigurationList;
			buildConfigurations = (
				653A257528338800005D4D48 /* Debug */,
				2FEE10322998C89C000822E1 /* Test */,
				653A257628338800005D4D48 /* Release */,
			);
			defaultConfigurationIsVisible = 0;
			defaultConfigurationName = Release;
		};
		653A257728338800005D4D48 /* Build configuration list for PBXNativeTarget "LLMonFHIRUITests" */ = {
			isa = XCConfigurationList;
			buildConfigurations = (
				653A257828338800005D4D48 /* Debug */,
				2FEE10332998C89C000822E1 /* Test */,
				653A257928338800005D4D48 /* Release */,
			);
			defaultConfigurationIsVisible = 0;
			defaultConfigurationName = Release;
		};
/* End XCConfigurationList section */

/* Begin XCRemoteSwiftPackageReference section */
		2F49B7742980407B00BCB272 /* XCRemoteSwiftPackageReference "Spezi" */ = {
			isa = XCRemoteSwiftPackageReference;
			repositoryURL = "https://github.com/StanfordSpezi/Spezi.git";
			requirement = {
				kind = upToNextMajorVersion;
				minimumVersion = 1.9.1;
			};
		};
		2FD8E8282A1AADDA00357F4E /* XCRemoteSwiftPackageReference "FHIRModels" */ = {
			isa = XCRemoteSwiftPackageReference;
			repositoryURL = "https://github.com/apple/FHIRModels.git";
			requirement = {
				kind = upToNextMajorVersion;
				minimumVersion = 0.7.0;
			};
		};
		2FD8E82F2A1AB00D00357F4E /* XCRemoteSwiftPackageReference "HealthKitOnFHIR" */ = {
			isa = XCRemoteSwiftPackageReference;
			repositoryURL = "https://github.com/StanfordBDHG/HealthKitOnFHIR.git";
			requirement = {
				kind = upToNextMajorVersion;
				minimumVersion = 1.1.2;
			};
		};
		2FE5DC7029EDD8D3004B9AB4 /* XCRemoteSwiftPackageReference "SpeziHealthKit" */ = {
			isa = XCRemoteSwiftPackageReference;
			repositoryURL = "https://github.com/StanfordSpezi/SpeziHealthKit.git";
			requirement = {
				kind = upToNextMajorVersion;
				minimumVersion = 1.2.3;
			};
		};
		2FE5DC7F29EDD91D004B9AB4 /* XCRemoteSwiftPackageReference "SpeziOnboarding" */ = {
			isa = XCRemoteSwiftPackageReference;
			repositoryURL = "https://github.com/StanfordSpezi/SpeziOnboarding.git";
			requirement = {
				kind = upToNextMajorVersion;
				minimumVersion = 1.2.2;
			};
		};
		2FE5DC9729EDD9D9004B9AB4 /* XCRemoteSwiftPackageReference "XCTestExtensions" */ = {
			isa = XCRemoteSwiftPackageReference;
			repositoryURL = "https://github.com/StanfordBDHG/XCTestExtensions.git";
			requirement = {
				kind = upToNextMinorVersion;
				minimumVersion = 1.2.1;
			};
		};
		2FE5DC9A29EDD9EF004B9AB4 /* XCRemoteSwiftPackageReference "XCTHealthKit" */ = {
			isa = XCRemoteSwiftPackageReference;
			repositoryURL = "https://github.com/StanfordBDHG/XCTHealthKit.git";
			requirement = {
				kind = upToNextMajorVersion;
				minimumVersion = 1.1.4;
			};
		};
		44E18E912CEBF26800829A26 /* XCRemoteSwiftPackageReference "SpeziStorage" */ = {
			isa = XCRemoteSwiftPackageReference;
			repositoryURL = "https://github.com/StanfordSpezi/SpeziStorage.git";
			requirement = {
				kind = upToNextMajorVersion;
				minimumVersion = 2.1.1;
			};
		};
		44E18EE82CED09C800829A26 /* XCRemoteSwiftPackageReference "SpeziChat" */ = {
			isa = XCRemoteSwiftPackageReference;
			repositoryURL = "https://github.com/StanfordSpezi/SpeziChat.git";
			requirement = {
				kind = upToNextMinorVersion;
				minimumVersion = 0.2.4;
			};
		};
		44E18EE92CED09DA00829A26 /* XCRemoteSwiftPackageReference "SpeziSpeech" */ = {
			isa = XCRemoteSwiftPackageReference;
			repositoryURL = "https://github.com/StanfordSpezi/SpeziSpeech.git";
			requirement = {
				kind = upToNextMajorVersion;
				minimumVersion = 1.1.2;
			};
		};
		65A965162D7D21C400F42471 /* XCRemoteSwiftPackageReference "SwiftLint" */ = {
			isa = XCRemoteSwiftPackageReference;
			repositoryURL = "https://github.com/realm/SwiftLint.git";
			requirement = {
				kind = upToNextMajorVersion;
				minimumVersion = 0.59.1;
			};
		};
		65D074C92E535E5400821C04 /* XCRemoteSwiftPackageReference "SpeziViews" */ = {
			isa = XCRemoteSwiftPackageReference;
			repositoryURL = "https://github.com/StanfordSpezi/SpeziViews.git";
			requirement = {
				kind = upToNextMajorVersion;
				minimumVersion = 1.12.1;
			};
		};
		C01EADB52D686A3000B559E9 /* XCRemoteSwiftPackageReference "SpeziAccessGuard" */ = {
			isa = XCRemoteSwiftPackageReference;
			repositoryURL = "https://github.com/StanfordSpezi/SpeziAccessGuard.git";
			requirement = {
				kind = upToNextMinorVersion;
				minimumVersion = 0.4.1;
			};
		};
		C0FA07222D3932FB002485FF /* XCRemoteSwiftPackageReference "SpeziLLM" */ = {
			isa = XCRemoteSwiftPackageReference;
			repositoryURL = "https://github.com/StanfordSpezi/SpeziLLM.git";
			requirement = {
				kind = upToNextMinorVersion;
				minimumVersion = 0.11.0;
			};
		};
		C0FA07242D39357B002485FF /* XCRemoteSwiftPackageReference "SpeziFHIR" */ = {
			isa = XCRemoteSwiftPackageReference;
			repositoryURL = "https://github.com/StanfordSpezi/SpeziFHIR.git";
			requirement = {
				kind = upToNextMinorVersion;
				minimumVersion = 0.8.0;
			};
		};
/* End XCRemoteSwiftPackageReference section */

/* Begin XCSwiftPackageProductDependency section */
		2F49B7752980407B00BCB272 /* Spezi */ = {
			isa = XCSwiftPackageProductDependency;
			package = 2F49B7742980407B00BCB272 /* XCRemoteSwiftPackageReference "Spezi" */;
			productName = Spezi;
		};
		2FD8E8292A1AADDA00357F4E /* ModelsDSTU2 */ = {
			isa = XCSwiftPackageProductDependency;
			package = 2FD8E8282A1AADDA00357F4E /* XCRemoteSwiftPackageReference "FHIRModels" */;
			productName = ModelsDSTU2;
		};
		2FD8E82B2A1AADDA00357F4E /* ModelsR4 */ = {
			isa = XCSwiftPackageProductDependency;
			package = 2FD8E8282A1AADDA00357F4E /* XCRemoteSwiftPackageReference "FHIRModels" */;
			productName = ModelsR4;
		};
		2FD8E8302A1AB00D00357F4E /* HealthKitOnFHIR */ = {
			isa = XCSwiftPackageProductDependency;
			package = 2FD8E82F2A1AB00D00357F4E /* XCRemoteSwiftPackageReference "HealthKitOnFHIR" */;
			productName = HealthKitOnFHIR;
		};
		2FE5DC7129EDD8D3004B9AB4 /* SpeziHealthKit */ = {
			isa = XCSwiftPackageProductDependency;
			package = 2FE5DC7029EDD8D3004B9AB4 /* XCRemoteSwiftPackageReference "SpeziHealthKit" */;
			productName = SpeziHealthKit;
		};
		2FE5DC8029EDD91D004B9AB4 /* SpeziOnboarding */ = {
			isa = XCSwiftPackageProductDependency;
			package = 2FE5DC7F29EDD91D004B9AB4 /* XCRemoteSwiftPackageReference "SpeziOnboarding" */;
			productName = SpeziOnboarding;
		};
		2FE5DC9829EDD9D9004B9AB4 /* XCTestExtensions */ = {
			isa = XCSwiftPackageProductDependency;
			package = 2FE5DC9729EDD9D9004B9AB4 /* XCRemoteSwiftPackageReference "XCTestExtensions" */;
			productName = XCTestExtensions;
		};
		2FE5DC9B29EDD9EF004B9AB4 /* XCTHealthKit */ = {
			isa = XCSwiftPackageProductDependency;
			package = 2FE5DC9A29EDD9EF004B9AB4 /* XCRemoteSwiftPackageReference "XCTHealthKit" */;
			productName = XCTHealthKit;
		};
		44E18E872CEBEC9500829A26 /* SpeziLLM */ = {
			isa = XCSwiftPackageProductDependency;
			productName = SpeziLLM;
		};
		44E18E892CEBEC9500829A26 /* SpeziLLMFog */ = {
			isa = XCSwiftPackageProductDependency;
			productName = SpeziLLMFog;
		};
		44E18E8B2CEBEC9500829A26 /* SpeziLLMLocal */ = {
			isa = XCSwiftPackageProductDependency;
			productName = SpeziLLMLocal;
		};
		44E18E8D2CEBEC9500829A26 /* SpeziLLMLocalDownload */ = {
			isa = XCSwiftPackageProductDependency;
			productName = SpeziLLMLocalDownload;
		};
		44E18E8F2CEBEC9500829A26 /* SpeziLLMOpenAI */ = {
			isa = XCSwiftPackageProductDependency;
			productName = SpeziLLMOpenAI;
		};
		44E18E922CEBF29200829A26 /* SpeziLocalStorage */ = {
			isa = XCSwiftPackageProductDependency;
			package = 44E18E912CEBF26800829A26 /* XCRemoteSwiftPackageReference "SpeziStorage" */;
			productName = SpeziLocalStorage;
		};
		65A965172D7D21EC00F42471 /* SwiftLintBuildToolPlugin */ = {
			isa = XCSwiftPackageProductDependency;
			package = 65A965162D7D21C400F42471 /* XCRemoteSwiftPackageReference "SwiftLint" */;
			productName = "plugin:SwiftLintBuildToolPlugin";
		};
		65D074CA2E535E5400821C04 /* SpeziViews */ = {
			isa = XCSwiftPackageProductDependency;
			package = 65D074C92E535E5400821C04 /* XCRemoteSwiftPackageReference "SpeziViews" */;
			productName = SpeziViews;
		};
		9710D3552B84151F00E0A20F /* SpeziChat */ = {
			isa = XCSwiftPackageProductDependency;
			productName = SpeziChat;
		};
		9733FC562B60E5FB0024F12C /* SpeziFHIR */ = {
			isa = XCSwiftPackageProductDependency;
			productName = SpeziFHIR;
		};
		9733FC582B60E5FB0024F12C /* SpeziFHIRHealthKit */ = {
			isa = XCSwiftPackageProductDependency;
			productName = SpeziFHIRHealthKit;
		};
		9733FC5C2B60E5FB0024F12C /* SpeziFHIRMockPatients */ = {
			isa = XCSwiftPackageProductDependency;
			productName = SpeziFHIRMockPatients;
		};
		97BC1F262B7F390100438263 /* SpeziFHIR */ = {
			isa = XCSwiftPackageProductDependency;
			productName = SpeziFHIR;
		};
		97BC1F2A2B7F390100438263 /* SpeziFHIRHealthKit */ = {
			isa = XCSwiftPackageProductDependency;
			productName = SpeziFHIRHealthKit;
		};
		97BC1F2E2B7F390100438263 /* SpeziFHIRMockPatients */ = {
			isa = XCSwiftPackageProductDependency;
			productName = SpeziFHIRMockPatients;
		};
		97BECCD12B8C68C10017E47D /* SpeziFHIR */ = {
			isa = XCSwiftPackageProductDependency;
			productName = SpeziFHIR;
		};
		97BECCD32B8C68C10017E47D /* SpeziFHIRHealthKit */ = {
			isa = XCSwiftPackageProductDependency;
			productName = SpeziFHIRHealthKit;
		};
		97BECCD72B8C68C10017E47D /* SpeziFHIRMockPatients */ = {
			isa = XCSwiftPackageProductDependency;
			productName = SpeziFHIRMockPatients;
		};
		97EAB5DD2B7A010A00A0B036 /* SpeziFHIR */ = {
			isa = XCSwiftPackageProductDependency;
			productName = SpeziFHIR;
		};
		97EAB5DF2B7A010A00A0B036 /* SpeziFHIRHealthKit */ = {
			isa = XCSwiftPackageProductDependency;
			productName = SpeziFHIRHealthKit;
		};
		97EAB5E32B7A010A00A0B036 /* SpeziFHIRMockPatients */ = {
			isa = XCSwiftPackageProductDependency;
			productName = SpeziFHIRMockPatients;
		};
		C01EADB62D686A3000B559E9 /* SpeziAccessGuard */ = {
			isa = XCSwiftPackageProductDependency;
			package = C01EADB52D686A3000B559E9 /* XCRemoteSwiftPackageReference "SpeziAccessGuard" */;
			productName = SpeziAccessGuard;
		};
		C0FA07252D39357B002485FF /* SpeziFHIR */ = {
			isa = XCSwiftPackageProductDependency;
			package = C0FA07242D39357B002485FF /* XCRemoteSwiftPackageReference "SpeziFHIR" */;
			productName = SpeziFHIR;
		};
		C0FA07272D39357B002485FF /* SpeziFHIRHealthKit */ = {
			isa = XCSwiftPackageProductDependency;
			package = C0FA07242D39357B002485FF /* XCRemoteSwiftPackageReference "SpeziFHIR" */;
			productName = SpeziFHIRHealthKit;
		};
		C0FA07292D39357B002485FF /* SpeziFHIRMockPatients */ = {
			isa = XCSwiftPackageProductDependency;
			package = C0FA07242D39357B002485FF /* XCRemoteSwiftPackageReference "SpeziFHIR" */;
			productName = SpeziFHIRMockPatients;
		};
/* End XCSwiftPackageProductDependency section */
	};
	rootObject = 653A2545283387FE005D4D48 /* Project object */;
}
