// !$*UTF8*$!
{
	archiveVersion = 1;
	classes = {
	};
	objectVersion = 55;
	objects = {

/* Begin PBXBuildFile section */
		27D2125C2A30BB5900486694 /* FHIRResource+Search.swift in Sources */ = {isa = PBXBuildFile; fileRef = 27D2125B2A30BB5900486694 /* FHIRResource+Search.swift */; };
		27F7730B2A327FBC004D476D /* FHIRDisplayTests.swift in Sources */ = {isa = PBXBuildFile; fileRef = 27F7730A2A327FBC004D476D /* FHIRDisplayTests.swift */; };
		2F0F90BA2A1E6556006D7E03 /* SettingsView.swift in Sources */ = {isa = PBXBuildFile; fileRef = 2F0F90B92A1E6556006D7E03 /* SettingsView.swift */; };
		2F0F90BC2A1E6B19006D7E03 /* PromptSettingsView.swift in Sources */ = {isa = PBXBuildFile; fileRef = 2F0F90BB2A1E6B19006D7E03 /* PromptSettingsView.swift */; };
		2F0F90BE2A1E702B006D7E03 /* Prompt.swift in Sources */ = {isa = PBXBuildFile; fileRef = 2F0F90BD2A1E702B006D7E03 /* Prompt.swift */; };
		2F49B7762980407C00BCB272 /* Spezi in Frameworks */ = {isa = PBXBuildFile; productRef = 2F49B7752980407B00BCB272 /* Spezi */; };
		2F4E237E2989A2FE0013F3D9 /* OnboardingTests.swift in Sources */ = {isa = PBXBuildFile; fileRef = 2F4E237D2989A2FE0013F3D9 /* OnboardingTests.swift */; };
		2F4E23832989D51F0013F3D9 /* LLMonFHIRTestingSetup.swift in Sources */ = {isa = PBXBuildFile; fileRef = 2F4E23822989D51F0013F3D9 /* LLMonFHIRTestingSetup.swift */; };
		2F55FC532A1AE8750051DF48 /* FHIRResourceInterpreter.swift in Sources */ = {isa = PBXBuildFile; fileRef = 2F55FC522A1AE8750051DF48 /* FHIRResourceInterpreter.swift */; };
		2F5E32BD297E05EA003432F8 /* LLMonFHIRDelegate.swift in Sources */ = {isa = PBXBuildFile; fileRef = 2F5E32BC297E05EA003432F8 /* LLMonFHIRDelegate.swift */; };
		2F61A32E2A1B4BFB000A7796 /* InspectResourceChat.swift in Sources */ = {isa = PBXBuildFile; fileRef = 2F61A32D2A1B4BFB000A7796 /* InspectResourceChat.swift */; };
		2F61A3302A1B51BF000A7796 /* FHIRResourceSummary.swift in Sources */ = {isa = PBXBuildFile; fileRef = 2F61A32F2A1B51BF000A7796 /* FHIRResourceSummary.swift */; };
		2F61A3322A1B560B000A7796 /* ResourceSummaryView.swift in Sources */ = {isa = PBXBuildFile; fileRef = 2F61A3312A1B560B000A7796 /* ResourceSummaryView.swift */; };
		2F901CE22A1A03360007C167 /* SpeziOpenAI in Frameworks */ = {isa = PBXBuildFile; productRef = 2F901CE12A1A03360007C167 /* SpeziOpenAI */; };
		2FC9759F2978E39600BA99FE /* Localizable.strings in Resources */ = {isa = PBXBuildFile; fileRef = 2FC9759E2978E39600BA99FE /* Localizable.strings */; };
		2FC975A82978F11A00BA99FE /* Home.swift in Sources */ = {isa = PBXBuildFile; fileRef = 2FC975A72978F11A00BA99FE /* Home.swift */; };
		2FD8E8272A1AAD9B00357F4E /* FHIR.swift in Sources */ = {isa = PBXBuildFile; fileRef = 2FD8E8262A1AAD9B00357F4E /* FHIR.swift */; };
		2FD8E82A2A1AADDA00357F4E /* ModelsDSTU2 in Frameworks */ = {isa = PBXBuildFile; productRef = 2FD8E8292A1AADDA00357F4E /* ModelsDSTU2 */; };
		2FD8E82C2A1AADDA00357F4E /* ModelsR4 in Frameworks */ = {isa = PBXBuildFile; productRef = 2FD8E82B2A1AADDA00357F4E /* ModelsR4 */; };
		2FD8E82E2A1AAFC300357F4E /* HealthKitToFHIRAdapter.swift in Sources */ = {isa = PBXBuildFile; fileRef = 2FD8E82D2A1AAFC300357F4E /* HealthKitToFHIRAdapter.swift */; };
		2FD8E8312A1AB00D00357F4E /* HealthKitOnFHIR in Frameworks */ = {isa = PBXBuildFile; productRef = 2FD8E8302A1AB00D00357F4E /* HealthKitOnFHIR */; };
		2FD8E8332A1AB68E00357F4E /* FHIRResource.swift in Sources */ = {isa = PBXBuildFile; fileRef = 2FD8E8322A1AB68E00357F4E /* FHIRResource.swift */; };
		2FD8E83B2A1AD10300357F4E /* FHIRResourcesView.swift in Sources */ = {isa = PBXBuildFile; fileRef = 2FD8E83A2A1AD10300357F4E /* FHIRResourcesView.swift */; };
		2FD8E83D2A1AE24F00357F4E /* InspectResourceView.swift in Sources */ = {isa = PBXBuildFile; fileRef = 2FD8E83C2A1AE24F00357F4E /* InspectResourceView.swift */; };
		2FD8E8402A1AE3F200357F4E /* SpeziViews in Frameworks */ = {isa = PBXBuildFile; productRef = 2FD8E83F2A1AE3F200357F4E /* SpeziViews */; };
		2FE5DC3629EDD7CA004B9AB4 /* HealthKitPermissions.swift in Sources */ = {isa = PBXBuildFile; fileRef = 2FE5DC3029EDD7CA004B9AB4 /* HealthKitPermissions.swift */; };
		2FE5DC3729EDD7CA004B9AB4 /* OnboardingFlow.swift in Sources */ = {isa = PBXBuildFile; fileRef = 2FE5DC3129EDD7CA004B9AB4 /* OnboardingFlow.swift */; };
		2FE5DC3829EDD7CA004B9AB4 /* Disclaimer.swift in Sources */ = {isa = PBXBuildFile; fileRef = 2FE5DC3229EDD7CA004B9AB4 /* Disclaimer.swift */; };
		2FE5DC3929EDD7CA004B9AB4 /* String+ModuleLocalized.swift in Sources */ = {isa = PBXBuildFile; fileRef = 2FE5DC3329EDD7CA004B9AB4 /* String+ModuleLocalized.swift */; };
		2FE5DC3A29EDD7CA004B9AB4 /* Welcome.swift in Sources */ = {isa = PBXBuildFile; fileRef = 2FE5DC3429EDD7CA004B9AB4 /* Welcome.swift */; };
		2FE5DC4029EDD7EE004B9AB4 /* FeatureFlags.swift in Sources */ = {isa = PBXBuildFile; fileRef = 2FE5DC3E29EDD7ED004B9AB4 /* FeatureFlags.swift */; };
		2FE5DC4129EDD7EE004B9AB4 /* StorageKeys.swift in Sources */ = {isa = PBXBuildFile; fileRef = 2FE5DC3F29EDD7EE004B9AB4 /* StorageKeys.swift */; };
		2FE5DC4529EDD7F2004B9AB4 /* Binding+Negate.swift in Sources */ = {isa = PBXBuildFile; fileRef = 2FE5DC4229EDD7F2004B9AB4 /* Binding+Negate.swift */; };
		2FE5DC4629EDD7F2004B9AB4 /* Bundle+Image.swift in Sources */ = {isa = PBXBuildFile; fileRef = 2FE5DC4329EDD7F2004B9AB4 /* Bundle+Image.swift */; };
		2FE5DC4729EDD7F2004B9AB4 /* CodableArray+RawRepresentable.swift in Sources */ = {isa = PBXBuildFile; fileRef = 2FE5DC4429EDD7F2004B9AB4 /* CodableArray+RawRepresentable.swift */; };
		2FE5DC7229EDD8D3004B9AB4 /* SpeziHealthKit in Frameworks */ = {isa = PBXBuildFile; productRef = 2FE5DC7129EDD8D3004B9AB4 /* SpeziHealthKit */; };
		2FE5DC8129EDD91D004B9AB4 /* SpeziOnboarding in Frameworks */ = {isa = PBXBuildFile; productRef = 2FE5DC8029EDD91D004B9AB4 /* SpeziOnboarding */; };
		2FE5DC9929EDD9D9004B9AB4 /* XCTestExtensions in Frameworks */ = {isa = PBXBuildFile; productRef = 2FE5DC9829EDD9D9004B9AB4 /* XCTestExtensions */; };
		2FE5DC9C29EDD9EF004B9AB4 /* XCTHealthKit in Frameworks */ = {isa = PBXBuildFile; productRef = 2FE5DC9B29EDD9EF004B9AB4 /* XCTHealthKit */; };
		433352402A5C95E00043A440 /* MultipleResourceChat.swift in Sources */ = {isa = PBXBuildFile; fileRef = 4333523F2A5C95E00043A440 /* MultipleResourceChat.swift */; };
		433352442A5C96090043A440 /* FHIRMultipleResourceInterpreter.swift in Sources */ = {isa = PBXBuildFile; fileRef = 433352432A5C96090043A440 /* FHIRMultipleResourceInterpreter.swift */; };
		653A2551283387FE005D4D48 /* LLMonFHIR.swift in Sources */ = {isa = PBXBuildFile; fileRef = 653A2550283387FE005D4D48 /* LLMonFHIR.swift */; };
		653A255528338800005D4D48 /* Assets.xcassets in Resources */ = {isa = PBXBuildFile; fileRef = 653A255428338800005D4D48 /* Assets.xcassets */; };
		653A256228338800005D4D48 /* LLMonFHIRTests.swift in Sources */ = {isa = PBXBuildFile; fileRef = 653A256128338800005D4D48 /* LLMonFHIRTests.swift */; };
/* End PBXBuildFile section */

/* Begin PBXContainerItemProxy section */
		653A255E28338800005D4D48 /* PBXContainerItemProxy */ = {
			isa = PBXContainerItemProxy;
			containerPortal = 653A2545283387FE005D4D48 /* Project object */;
			proxyType = 1;
			remoteGlobalIDString = 653A254C283387FE005D4D48;
			remoteInfo = LLMonFHIR;
		};
		653A256828338800005D4D48 /* PBXContainerItemProxy */ = {
			isa = PBXContainerItemProxy;
			containerPortal = 653A2545283387FE005D4D48 /* Project object */;
			proxyType = 1;
			remoteGlobalIDString = 653A254C283387FE005D4D48;
			remoteInfo = LLMonFHIR;
		};
/* End PBXContainerItemProxy section */

/* Begin PBXFileReference section */
		27D2125B2A30BB5900486694 /* FHIRResource+Search.swift */ = {isa = PBXFileReference; lastKnownFileType = sourcecode.swift; path = "FHIRResource+Search.swift"; sourceTree = "<group>"; };
		27F7730A2A327FBC004D476D /* FHIRDisplayTests.swift */ = {isa = PBXFileReference; lastKnownFileType = sourcecode.swift; path = FHIRDisplayTests.swift; sourceTree = "<group>"; };
		2F0F90B92A1E6556006D7E03 /* SettingsView.swift */ = {isa = PBXFileReference; lastKnownFileType = sourcecode.swift; path = SettingsView.swift; sourceTree = "<group>"; };
		2F0F90BB2A1E6B19006D7E03 /* PromptSettingsView.swift */ = {isa = PBXFileReference; lastKnownFileType = sourcecode.swift; path = PromptSettingsView.swift; sourceTree = "<group>"; };
		2F0F90BD2A1E702B006D7E03 /* Prompt.swift */ = {isa = PBXFileReference; lastKnownFileType = sourcecode.swift; path = Prompt.swift; sourceTree = "<group>"; };
		2F4E237D2989A2FE0013F3D9 /* OnboardingTests.swift */ = {isa = PBXFileReference; lastKnownFileType = sourcecode.swift; path = OnboardingTests.swift; sourceTree = "<group>"; };
		2F4E23822989D51F0013F3D9 /* LLMonFHIRTestingSetup.swift */ = {isa = PBXFileReference; lastKnownFileType = sourcecode.swift; path = LLMonFHIRTestingSetup.swift; sourceTree = "<group>"; };
		2F55FC522A1AE8750051DF48 /* FHIRResourceInterpreter.swift */ = {isa = PBXFileReference; lastKnownFileType = sourcecode.swift; path = FHIRResourceInterpreter.swift; sourceTree = "<group>"; };
		2F5E32BC297E05EA003432F8 /* LLMonFHIRDelegate.swift */ = {isa = PBXFileReference; lastKnownFileType = sourcecode.swift; path = LLMonFHIRDelegate.swift; sourceTree = "<group>"; };
		2F61A32D2A1B4BFB000A7796 /* InspectResourceChat.swift */ = {isa = PBXFileReference; lastKnownFileType = sourcecode.swift; path = InspectResourceChat.swift; sourceTree = "<group>"; };
		2F61A32F2A1B51BF000A7796 /* FHIRResourceSummary.swift */ = {isa = PBXFileReference; lastKnownFileType = sourcecode.swift; path = FHIRResourceSummary.swift; sourceTree = "<group>"; };
		2F61A3312A1B560B000A7796 /* ResourceSummaryView.swift */ = {isa = PBXFileReference; lastKnownFileType = sourcecode.swift; path = ResourceSummaryView.swift; sourceTree = "<group>"; };
		2FAEC07F297F583900C11C42 /* LLMonFHIR.entitlements */ = {isa = PBXFileReference; lastKnownFileType = text.plist.entitlements; path = LLMonFHIR.entitlements; sourceTree = "<group>"; };
		2FC94CD4298B0A1D009C8209 /* LLMonFHIR.xctestplan */ = {isa = PBXFileReference; lastKnownFileType = text; path = LLMonFHIR.xctestplan; sourceTree = "<group>"; };
		2FC9759E2978E39600BA99FE /* Localizable.strings */ = {isa = PBXFileReference; lastKnownFileType = text.plist.strings; path = Localizable.strings; sourceTree = "<group>"; };
		2FC975A72978F11A00BA99FE /* Home.swift */ = {isa = PBXFileReference; lastKnownFileType = sourcecode.swift; path = Home.swift; sourceTree = "<group>"; };
		2FD8E8262A1AAD9B00357F4E /* FHIR.swift */ = {isa = PBXFileReference; fileEncoding = 4; lastKnownFileType = sourcecode.swift; path = FHIR.swift; sourceTree = "<group>"; };
		2FD8E82D2A1AAFC300357F4E /* HealthKitToFHIRAdapter.swift */ = {isa = PBXFileReference; lastKnownFileType = sourcecode.swift; path = HealthKitToFHIRAdapter.swift; sourceTree = "<group>"; };
		2FD8E8322A1AB68E00357F4E /* FHIRResource.swift */ = {isa = PBXFileReference; lastKnownFileType = sourcecode.swift; path = FHIRResource.swift; sourceTree = "<group>"; };
		2FD8E83A2A1AD10300357F4E /* FHIRResourcesView.swift */ = {isa = PBXFileReference; lastKnownFileType = sourcecode.swift; path = FHIRResourcesView.swift; sourceTree = "<group>"; };
		2FD8E83C2A1AE24F00357F4E /* InspectResourceView.swift */ = {isa = PBXFileReference; lastKnownFileType = sourcecode.swift; path = InspectResourceView.swift; sourceTree = "<group>"; };
		2FE5DC3029EDD7CA004B9AB4 /* HealthKitPermissions.swift */ = {isa = PBXFileReference; fileEncoding = 4; lastKnownFileType = sourcecode.swift; path = HealthKitPermissions.swift; sourceTree = "<group>"; };
		2FE5DC3129EDD7CA004B9AB4 /* OnboardingFlow.swift */ = {isa = PBXFileReference; fileEncoding = 4; lastKnownFileType = sourcecode.swift; path = OnboardingFlow.swift; sourceTree = "<group>"; };
		2FE5DC3229EDD7CA004B9AB4 /* Disclaimer.swift */ = {isa = PBXFileReference; fileEncoding = 4; lastKnownFileType = sourcecode.swift; path = Disclaimer.swift; sourceTree = "<group>"; };
		2FE5DC3329EDD7CA004B9AB4 /* String+ModuleLocalized.swift */ = {isa = PBXFileReference; fileEncoding = 4; lastKnownFileType = sourcecode.swift; path = "String+ModuleLocalized.swift"; sourceTree = "<group>"; };
		2FE5DC3429EDD7CA004B9AB4 /* Welcome.swift */ = {isa = PBXFileReference; fileEncoding = 4; lastKnownFileType = sourcecode.swift; path = Welcome.swift; sourceTree = "<group>"; };
		2FE5DC3E29EDD7ED004B9AB4 /* FeatureFlags.swift */ = {isa = PBXFileReference; fileEncoding = 4; lastKnownFileType = sourcecode.swift; path = FeatureFlags.swift; sourceTree = "<group>"; };
		2FE5DC3F29EDD7EE004B9AB4 /* StorageKeys.swift */ = {isa = PBXFileReference; fileEncoding = 4; lastKnownFileType = sourcecode.swift; path = StorageKeys.swift; sourceTree = "<group>"; };
		2FE5DC4229EDD7F2004B9AB4 /* Binding+Negate.swift */ = {isa = PBXFileReference; fileEncoding = 4; lastKnownFileType = sourcecode.swift; path = "Binding+Negate.swift"; sourceTree = "<group>"; };
		2FE5DC4329EDD7F2004B9AB4 /* Bundle+Image.swift */ = {isa = PBXFileReference; fileEncoding = 4; lastKnownFileType = sourcecode.swift; path = "Bundle+Image.swift"; sourceTree = "<group>"; };
		2FE5DC4429EDD7F2004B9AB4 /* CodableArray+RawRepresentable.swift */ = {isa = PBXFileReference; fileEncoding = 4; lastKnownFileType = sourcecode.swift; path = "CodableArray+RawRepresentable.swift"; sourceTree = "<group>"; };
		4333523F2A5C95E00043A440 /* MultipleResourceChat.swift */ = {isa = PBXFileReference; fileEncoding = 4; lastKnownFileType = sourcecode.swift; path = MultipleResourceChat.swift; sourceTree = "<group>"; };
		433352432A5C96090043A440 /* FHIRMultipleResourceInterpreter.swift */ = {isa = PBXFileReference; fileEncoding = 4; lastKnownFileType = sourcecode.swift; path = FHIRMultipleResourceInterpreter.swift; sourceTree = "<group>"; };
		653A254D283387FE005D4D48 /* LLMonFHIR.app */ = {isa = PBXFileReference; explicitFileType = wrapper.application; includeInIndex = 0; path = LLMonFHIR.app; sourceTree = BUILT_PRODUCTS_DIR; };
		653A2550283387FE005D4D48 /* LLMonFHIR.swift */ = {isa = PBXFileReference; lastKnownFileType = sourcecode.swift; path = LLMonFHIR.swift; sourceTree = "<group>"; };
		653A255428338800005D4D48 /* Assets.xcassets */ = {isa = PBXFileReference; lastKnownFileType = folder.assetcatalog; path = Assets.xcassets; sourceTree = "<group>"; };
		653A255D28338800005D4D48 /* LLMonFHIR.xctestplan */ = {isa = PBXFileReference; explicitFileType = wrapper.cfbundle; includeInIndex = 0; name = LLMonFHIR.xctestplan; path = "../../../../../../../../Downloads/LLMonFHIR-multiple_resource_interpreter 2/LLMonFHIR.xctestplan"; sourceTree = BUILT_PRODUCTS_DIR; };
		653A256128338800005D4D48 /* LLMonFHIRTests.swift */ = {isa = PBXFileReference; lastKnownFileType = sourcecode.swift; path = LLMonFHIRTests.swift; sourceTree = "<group>"; };
		653A256728338800005D4D48 /* LLMonFHIRUITests.xctest */ = {isa = PBXFileReference; explicitFileType = wrapper.cfbundle; includeInIndex = 0; path = LLMonFHIRUITests.xctest; sourceTree = BUILT_PRODUCTS_DIR; };
		653A258928339462005D4D48 /* Info.plist */ = {isa = PBXFileReference; lastKnownFileType = text.plist.xml; path = Info.plist; sourceTree = "<group>"; };
/* End PBXFileReference section */

/* Begin PBXFrameworksBuildPhase section */
		653A254A283387FE005D4D48 /* Frameworks */ = {
			isa = PBXFrameworksBuildPhase;
			buildActionMask = 2147483647;
			files = (
				2FD8E82C2A1AADDA00357F4E /* ModelsR4 in Frameworks */,
				2F901CE22A1A03360007C167 /* SpeziOpenAI in Frameworks */,
				2FD8E82A2A1AADDA00357F4E /* ModelsDSTU2 in Frameworks */,
				2FD8E8402A1AE3F200357F4E /* SpeziViews in Frameworks */,
				2FE5DC7229EDD8D3004B9AB4 /* SpeziHealthKit in Frameworks */,
				2F49B7762980407C00BCB272 /* Spezi in Frameworks */,
				2FD8E8312A1AB00D00357F4E /* HealthKitOnFHIR in Frameworks */,
				2FE5DC8129EDD91D004B9AB4 /* SpeziOnboarding in Frameworks */,
			);
			runOnlyForDeploymentPostprocessing = 0;
		};
		653A255A28338800005D4D48 /* Frameworks */ = {
			isa = PBXFrameworksBuildPhase;
			buildActionMask = 2147483647;
			files = (
			);
			runOnlyForDeploymentPostprocessing = 0;
		};
		653A256428338800005D4D48 /* Frameworks */ = {
			isa = PBXFrameworksBuildPhase;
			buildActionMask = 2147483647;
			files = (
				2FE5DC9929EDD9D9004B9AB4 /* XCTestExtensions in Frameworks */,
				2FE5DC9C29EDD9EF004B9AB4 /* XCTHealthKit in Frameworks */,
			);
			runOnlyForDeploymentPostprocessing = 0;
		};
/* End PBXFrameworksBuildPhase section */

/* Begin PBXGroup section */
		2F0F90B82A1E6542006D7E03 /* Settings */ = {
			isa = PBXGroup;
			children = (
				2F0F90B92A1E6556006D7E03 /* SettingsView.swift */,
				2F0F90BB2A1E6B19006D7E03 /* PromptSettingsView.swift */,
				2F0F90BD2A1E702B006D7E03 /* Prompt.swift */,
			);
			path = Settings;
			sourceTree = "<group>";
		};
		2FC9759D2978E30800BA99FE /* Supporting Files */ = {
			isa = PBXGroup;
			children = (
				2FAEC07F297F583900C11C42 /* LLMonFHIR.entitlements */,
				653A258928339462005D4D48 /* Info.plist */,
			);
			path = "Supporting Files";
			sourceTree = "<group>";
		};
		2FD8E81D2A1AAC6900357F4E /* FHIR Standard */ = {
			isa = PBXGroup;
			children = (
				2FD8E8262A1AAD9B00357F4E /* FHIR.swift */,
				2FD8E8322A1AB68E00357F4E /* FHIRResource.swift */,
				2FD8E82D2A1AAFC300357F4E /* HealthKitToFHIRAdapter.swift */,
				27D2125B2A30BB5900486694 /* FHIRResource+Search.swift */,
			);
			path = "FHIR Standard";
			sourceTree = "<group>";
		};
		2FD8E8392A1AD0E900357F4E /* FHIR Display */ = {
			isa = PBXGroup;
			children = (
				2FD8E83A2A1AD10300357F4E /* FHIRResourcesView.swift */,
				2F61A3312A1B560B000A7796 /* ResourceSummaryView.swift */,
				2FD8E83C2A1AE24F00357F4E /* InspectResourceView.swift */,
				433352432A5C96090043A440 /* FHIRMultipleResourceInterpreter.swift */,
				4333523F2A5C95E00043A440 /* MultipleResourceChat.swift */,
				2F55FC522A1AE8750051DF48 /* FHIRResourceInterpreter.swift */,
				2F61A32F2A1B51BF000A7796 /* FHIRResourceSummary.swift */,
				2F61A32D2A1B4BFB000A7796 /* InspectResourceChat.swift */,
			);
			path = "FHIR Display";
			sourceTree = "<group>";
		};
		2FE5DC2829EDD398004B9AB4 /* Onboarding */ = {
			isa = PBXGroup;
			children = (
				2FE5DC3029EDD7CA004B9AB4 /* HealthKitPermissions.swift */,
				2FE5DC3229EDD7CA004B9AB4 /* Disclaimer.swift */,
				2FE5DC3129EDD7CA004B9AB4 /* OnboardingFlow.swift */,
				2FE5DC3329EDD7CA004B9AB4 /* String+ModuleLocalized.swift */,
				2FE5DC3429EDD7CA004B9AB4 /* Welcome.swift */,
			);
			path = Onboarding;
			sourceTree = "<group>";
		};
		2FE5DC2D29EDD792004B9AB4 /* Resources */ = {
			isa = PBXGroup;
			children = (
				653A255428338800005D4D48 /* Assets.xcassets */,
				2FC9759E2978E39600BA99FE /* Localizable.strings */,
			);
			path = Resources;
			sourceTree = "<group>";
		};
		2FE5DC3C29EDD7DA004B9AB4 /* SharedContext */ = {
			isa = PBXGroup;
			children = (
				2FE5DC3E29EDD7ED004B9AB4 /* FeatureFlags.swift */,
				2FE5DC3F29EDD7EE004B9AB4 /* StorageKeys.swift */,
			);
			path = SharedContext;
			sourceTree = "<group>";
		};
		2FE5DC3D29EDD7E4004B9AB4 /* Helper */ = {
			isa = PBXGroup;
			children = (
				2FE5DC4229EDD7F2004B9AB4 /* Binding+Negate.swift */,
				2FE5DC4329EDD7F2004B9AB4 /* Bundle+Image.swift */,
				2FE5DC4429EDD7F2004B9AB4 /* CodableArray+RawRepresentable.swift */,
			);
			path = Helper;
			sourceTree = "<group>";
		};
		653A2544283387FE005D4D48 = {
			isa = PBXGroup;
			children = (
				2FC94CD4298B0A1D009C8209 /* LLMonFHIR.xctestplan */,
				653A254F283387FE005D4D48 /* LLMonFHIR */,
				653A256028338800005D4D48 /* LLMonFHIRTests */,
				653A256A28338800005D4D48 /* LLMonFHIRUITests */,
				653A254E283387FE005D4D48 /* Products */,
				653A258B283395A7005D4D48 /* Frameworks */,
			);
			sourceTree = "<group>";
		};
		653A254E283387FE005D4D48 /* Products */ = {
			isa = PBXGroup;
			children = (
				653A254D283387FE005D4D48 /* LLMonFHIR.app */,
				653A255D28338800005D4D48 /* LLMonFHIR.xctestplan */,
				653A256728338800005D4D48 /* LLMonFHIRUITests.xctest */,
			);
			name = Products;
			sourceTree = "<group>";
		};
		653A254F283387FE005D4D48 /* LLMonFHIR */ = {
			isa = PBXGroup;
			children = (
				653A2550283387FE005D4D48 /* LLMonFHIR.swift */,
				2F5E32BC297E05EA003432F8 /* LLMonFHIRDelegate.swift */,
				2F4E23822989D51F0013F3D9 /* LLMonFHIRTestingSetup.swift */,
				2FC975A72978F11A00BA99FE /* Home.swift */,
				2FE5DC2829EDD398004B9AB4 /* Onboarding */,
				2FD8E81D2A1AAC6900357F4E /* FHIR Standard */,
				2FD8E8392A1AD0E900357F4E /* FHIR Display */,
				2F0F90B82A1E6542006D7E03 /* Settings */,
				2FE5DC3C29EDD7DA004B9AB4 /* SharedContext */,
				2FE5DC3D29EDD7E4004B9AB4 /* Helper */,
				2FE5DC2D29EDD792004B9AB4 /* Resources */,
				2FC9759D2978E30800BA99FE /* Supporting Files */,
			);
			path = LLMonFHIR;
			sourceTree = "<group>";
		};
		653A256028338800005D4D48 /* LLMonFHIRTests */ = {
			isa = PBXGroup;
			children = (
				653A256128338800005D4D48 /* LLMonFHIRTests.swift */,
			);
			path = LLMonFHIRTests;
			sourceTree = "<group>";
		};
		653A256A28338800005D4D48 /* LLMonFHIRUITests */ = {
			isa = PBXGroup;
			children = (
				2F4E237D2989A2FE0013F3D9 /* OnboardingTests.swift */,
				27F7730A2A327FBC004D476D /* FHIRDisplayTests.swift */,
			);
			path = LLMonFHIRUITests;
			sourceTree = "<group>";
		};
		653A258B283395A7005D4D48 /* Frameworks */ = {
			isa = PBXGroup;
			children = (
			);
			name = Frameworks;
			sourceTree = "<group>";
		};
/* End PBXGroup section */

/* Begin PBXNativeTarget section */
		653A254C283387FE005D4D48 /* LLMonFHIR */ = {
			isa = PBXNativeTarget;
			buildConfigurationList = 653A257128338800005D4D48 /* Build configuration list for PBXNativeTarget "LLMonFHIR" */;
			buildPhases = (
				653A2549283387FE005D4D48 /* Sources */,
				653A254A283387FE005D4D48 /* Frameworks */,
				653A254B283387FE005D4D48 /* Resources */,
				2F5B528D29BD237B002020B7 /* ShellScript */,
			);
			buildRules = (
			);
			dependencies = (
			);
			name = LLMonFHIR;
			packageProductDependencies = (
				2F49B7752980407B00BCB272 /* Spezi */,
				2FE5DC7129EDD8D3004B9AB4 /* SpeziHealthKit */,
				2FE5DC8029EDD91D004B9AB4 /* SpeziOnboarding */,
				2F901CE12A1A03360007C167 /* SpeziOpenAI */,
				2FD8E8292A1AADDA00357F4E /* ModelsDSTU2 */,
				2FD8E82B2A1AADDA00357F4E /* ModelsR4 */,
				2FD8E8302A1AB00D00357F4E /* HealthKitOnFHIR */,
				2FD8E83F2A1AE3F200357F4E /* SpeziViews */,
			);
			productName = LLMonFHIR;
			productReference = 653A254D283387FE005D4D48 /* LLMonFHIR.app */;
			productType = "com.apple.product-type.application";
		};
		653A255C28338800005D4D48 /* LLMonFHIRTests */ = {
			isa = PBXNativeTarget;
			buildConfigurationList = 653A257428338800005D4D48 /* Build configuration list for PBXNativeTarget "LLMonFHIRTests" */;
			buildPhases = (
				653A255928338800005D4D48 /* Sources */,
				653A255A28338800005D4D48 /* Frameworks */,
				653A255B28338800005D4D48 /* Resources */,
			);
			buildRules = (
			);
			dependencies = (
				653A255F28338800005D4D48 /* PBXTargetDependency */,
			);
			name = LLMonFHIRTests;
			productName = LLMonFHIRTests;
			productReference = 653A255D28338800005D4D48 /* LLMonFHIR.xctestplan */;
			productType = "com.apple.product-type.bundle.unit-test";
		};
		653A256628338800005D4D48 /* LLMonFHIRUITests */ = {
			isa = PBXNativeTarget;
			buildConfigurationList = 653A257728338800005D4D48 /* Build configuration list for PBXNativeTarget "LLMonFHIRUITests" */;
			buildPhases = (
				653A256328338800005D4D48 /* Sources */,
				653A256428338800005D4D48 /* Frameworks */,
				653A256528338800005D4D48 /* Resources */,
			);
			buildRules = (
			);
			dependencies = (
				653A256928338800005D4D48 /* PBXTargetDependency */,
			);
			name = LLMonFHIRUITests;
			packageProductDependencies = (
				2FE5DC9829EDD9D9004B9AB4 /* XCTestExtensions */,
				2FE5DC9B29EDD9EF004B9AB4 /* XCTHealthKit */,
			);
			productName = LLMonFHIRUITests;
			productReference = 653A256728338800005D4D48 /* LLMonFHIRUITests.xctest */;
			productType = "com.apple.product-type.bundle.ui-testing";
		};
/* End PBXNativeTarget section */

/* Begin PBXProject section */
		653A2545283387FE005D4D48 /* Project object */ = {
			isa = PBXProject;
			attributes = {
				BuildIndependentTargetsInParallel = 1;
				LastSwiftUpdateCheck = 1340;
				LastUpgradeCheck = 1340;
				TargetAttributes = {
					653A254C283387FE005D4D48 = {
						CreatedOnToolsVersion = 13.4;
					};
					653A255C28338800005D4D48 = {
						CreatedOnToolsVersion = 13.4;
						TestTargetID = 653A254C283387FE005D4D48;
					};
					653A256628338800005D4D48 = {
						CreatedOnToolsVersion = 13.4;
						TestTargetID = 653A254C283387FE005D4D48;
					};
				};
			};
			buildConfigurationList = 653A2548283387FE005D4D48 /* Build configuration list for PBXProject "LLMonFHIR" */;
			compatibilityVersion = "Xcode 13.0";
			developmentRegion = en;
			hasScannedForEncodings = 0;
			knownRegions = (
				en,
				Base,
			);
			mainGroup = 653A2544283387FE005D4D48;
			packageReferences = (
				2F49B7742980407B00BCB272 /* XCRemoteSwiftPackageReference "Spezi" */,
				2FE5DC7029EDD8D3004B9AB4 /* XCRemoteSwiftPackageReference "SpeziHealthKit" */,
				2FE5DC7F29EDD91D004B9AB4 /* XCRemoteSwiftPackageReference "SpeziOnboarding" */,
				2FE5DC9729EDD9D9004B9AB4 /* XCRemoteSwiftPackageReference "XCTestExtensions" */,
				2FE5DC9A29EDD9EF004B9AB4 /* XCRemoteSwiftPackageReference "XCTHealthKit" */,
				2F901CE02A1A03360007C167 /* XCRemoteSwiftPackageReference "SpeziML" */,
				2FD8E8282A1AADDA00357F4E /* XCRemoteSwiftPackageReference "FHIRModels" */,
				2FD8E82F2A1AB00D00357F4E /* XCRemoteSwiftPackageReference "HealthKitOnFHIR" */,
				2FD8E83E2A1AE3F200357F4E /* XCRemoteSwiftPackageReference "SpeziViews" */,
			);
			productRefGroup = 653A254E283387FE005D4D48 /* Products */;
			projectDirPath = "";
			projectRoot = "";
			targets = (
				653A254C283387FE005D4D48 /* LLMonFHIR */,
				653A255C28338800005D4D48 /* LLMonFHIRTests */,
				653A256628338800005D4D48 /* LLMonFHIRUITests */,
			);
		};
/* End PBXProject section */

/* Begin PBXResourcesBuildPhase section */
		653A254B283387FE005D4D48 /* Resources */ = {
			isa = PBXResourcesBuildPhase;
			buildActionMask = 2147483647;
			files = (
				653A255528338800005D4D48 /* Assets.xcassets in Resources */,
				2FC9759F2978E39600BA99FE /* Localizable.strings in Resources */,
			);
			runOnlyForDeploymentPostprocessing = 0;
		};
		653A255B28338800005D4D48 /* Resources */ = {
			isa = PBXResourcesBuildPhase;
			buildActionMask = 2147483647;
			files = (
			);
			runOnlyForDeploymentPostprocessing = 0;
		};
		653A256528338800005D4D48 /* Resources */ = {
			isa = PBXResourcesBuildPhase;
			buildActionMask = 2147483647;
			files = (
			);
			runOnlyForDeploymentPostprocessing = 0;
		};
/* End PBXResourcesBuildPhase section */

/* Begin PBXShellScriptBuildPhase section */
		2F5B528D29BD237B002020B7 /* ShellScript */ = {
			isa = PBXShellScriptBuildPhase;
			alwaysOutOfDate = 1;
			buildActionMask = 2147483647;
			files = (
			);
			inputFileListPaths = (
			);
			inputPaths = (
			);
			outputFileListPaths = (
			);
			outputPaths = (
			);
			runOnlyForDeploymentPostprocessing = 0;
			shellPath = /bin/sh;
			shellScript = "if [ \"${CONFIGURATION}\" = \"Debug\" ]; then\n  export PATH=\"$PATH:/opt/homebrew/bin\"\n  if which swiftlint > /dev/null; then\n    swiftlint\n  else\n    echo \"warning: SwiftLint not installed, download from https://github.com/realm/SwiftLint\"\n  fi\nfi\n";
		};
/* End PBXShellScriptBuildPhase section */

/* Begin PBXSourcesBuildPhase section */
		653A2549283387FE005D4D48 /* Sources */ = {
			isa = PBXSourcesBuildPhase;
			buildActionMask = 2147483647;
			files = (
				2FE5DC4129EDD7EE004B9AB4 /* StorageKeys.swift in Sources */,
				2FE5DC3929EDD7CA004B9AB4 /* String+ModuleLocalized.swift in Sources */,
				2F61A32E2A1B4BFB000A7796 /* InspectResourceChat.swift in Sources */,
				2F61A3302A1B51BF000A7796 /* FHIRResourceSummary.swift in Sources */,
				2FE5DC3A29EDD7CA004B9AB4 /* Welcome.swift in Sources */,
				433352402A5C95E00043A440 /* MultipleResourceChat.swift in Sources */,
				2FE5DC3829EDD7CA004B9AB4 /* Disclaimer.swift in Sources */,
				2FD8E8332A1AB68E00357F4E /* FHIRResource.swift in Sources */,
				2F0F90BC2A1E6B19006D7E03 /* PromptSettingsView.swift in Sources */,
				2F61A3322A1B560B000A7796 /* ResourceSummaryView.swift in Sources */,
				2FD8E83D2A1AE24F00357F4E /* InspectResourceView.swift in Sources */,
				2F0F90BA2A1E6556006D7E03 /* SettingsView.swift in Sources */,
				2FD8E83B2A1AD10300357F4E /* FHIRResourcesView.swift in Sources */,
				2FD8E82E2A1AAFC300357F4E /* HealthKitToFHIRAdapter.swift in Sources */,
				2F0F90BE2A1E702B006D7E03 /* Prompt.swift in Sources */,
				2FE5DC4529EDD7F2004B9AB4 /* Binding+Negate.swift in Sources */,
				2FC975A82978F11A00BA99FE /* Home.swift in Sources */,
				2FE5DC3729EDD7CA004B9AB4 /* OnboardingFlow.swift in Sources */,
				2FE5DC4729EDD7F2004B9AB4 /* CodableArray+RawRepresentable.swift in Sources */,
				2FE5DC4029EDD7EE004B9AB4 /* FeatureFlags.swift in Sources */,
				2FE5DC4629EDD7F2004B9AB4 /* Bundle+Image.swift in Sources */,
				2F4E23832989D51F0013F3D9 /* LLMonFHIRTestingSetup.swift in Sources */,
				433352442A5C96090043A440 /* FHIRMultipleResourceInterpreter.swift in Sources */,
				2FD8E8272A1AAD9B00357F4E /* FHIR.swift in Sources */,
				2F5E32BD297E05EA003432F8 /* LLMonFHIRDelegate.swift in Sources */,
				2F55FC532A1AE8750051DF48 /* FHIRResourceInterpreter.swift in Sources */,
				653A2551283387FE005D4D48 /* LLMonFHIR.swift in Sources */,
				27D2125C2A30BB5900486694 /* FHIRResource+Search.swift in Sources */,
				2FE5DC3629EDD7CA004B9AB4 /* HealthKitPermissions.swift in Sources */,
			);
			runOnlyForDeploymentPostprocessing = 0;
		};
		653A255928338800005D4D48 /* Sources */ = {
			isa = PBXSourcesBuildPhase;
			buildActionMask = 2147483647;
			files = (
				653A256228338800005D4D48 /* LLMonFHIRTests.swift in Sources */,
			);
			runOnlyForDeploymentPostprocessing = 0;
		};
		653A256328338800005D4D48 /* Sources */ = {
			isa = PBXSourcesBuildPhase;
			buildActionMask = 2147483647;
			files = (
				2F4E237E2989A2FE0013F3D9 /* OnboardingTests.swift in Sources */,
				27F7730B2A327FBC004D476D /* FHIRDisplayTests.swift in Sources */,
			);
			runOnlyForDeploymentPostprocessing = 0;
		};
/* End PBXSourcesBuildPhase section */

/* Begin PBXTargetDependency section */
		653A255F28338800005D4D48 /* PBXTargetDependency */ = {
			isa = PBXTargetDependency;
			target = 653A254C283387FE005D4D48 /* LLMonFHIR */;
			targetProxy = 653A255E28338800005D4D48 /* PBXContainerItemProxy */;
		};
		653A256928338800005D4D48 /* PBXTargetDependency */ = {
			isa = PBXTargetDependency;
			target = 653A254C283387FE005D4D48 /* LLMonFHIR */;
			targetProxy = 653A256828338800005D4D48 /* PBXContainerItemProxy */;
		};
/* End PBXTargetDependency section */

/* Begin XCBuildConfiguration section */
		2FEE10302998C89C000822E1 /* Test */ = {
			isa = XCBuildConfiguration;
			buildSettings = {
				ALWAYS_SEARCH_USER_PATHS = NO;
				CLANG_ANALYZER_NONNULL = YES;
				CLANG_ANALYZER_NUMBER_OBJECT_CONVERSION = YES_AGGRESSIVE;
				CLANG_CXX_LANGUAGE_STANDARD = "gnu++17";
				CLANG_ENABLE_MODULES = YES;
				CLANG_ENABLE_OBJC_ARC = YES;
				CLANG_ENABLE_OBJC_WEAK = YES;
				CLANG_WARN_BLOCK_CAPTURE_AUTORELEASING = YES;
				CLANG_WARN_BOOL_CONVERSION = YES;
				CLANG_WARN_COMMA = YES;
				CLANG_WARN_CONSTANT_CONVERSION = YES;
				CLANG_WARN_DEPRECATED_OBJC_IMPLEMENTATIONS = YES;
				CLANG_WARN_DIRECT_OBJC_ISA_USAGE = YES_ERROR;
				CLANG_WARN_DOCUMENTATION_COMMENTS = YES;
				CLANG_WARN_EMPTY_BODY = YES;
				CLANG_WARN_ENUM_CONVERSION = YES;
				CLANG_WARN_INFINITE_RECURSION = YES;
				CLANG_WARN_INT_CONVERSION = YES;
				CLANG_WARN_NON_LITERAL_NULL_CONVERSION = YES;
				CLANG_WARN_OBJC_IMPLICIT_RETAIN_SELF = YES;
				CLANG_WARN_OBJC_LITERAL_CONVERSION = YES;
				CLANG_WARN_OBJC_ROOT_CLASS = YES_ERROR;
				CLANG_WARN_QUOTED_INCLUDE_IN_FRAMEWORK_HEADER = YES;
				CLANG_WARN_RANGE_LOOP_ANALYSIS = YES;
				CLANG_WARN_STRICT_PROTOTYPES = YES;
				CLANG_WARN_SUSPICIOUS_MOVE = YES;
				CLANG_WARN_UNGUARDED_AVAILABILITY = YES_AGGRESSIVE;
				CLANG_WARN_UNREACHABLE_CODE = YES;
				CLANG_WARN__DUPLICATE_METHOD_MATCH = YES;
				COPY_PHASE_STRIP = NO;
				DEBUG_INFORMATION_FORMAT = dwarf;
				ENABLE_STRICT_OBJC_MSGSEND = YES;
				ENABLE_TESTABILITY = YES;
				GCC_C_LANGUAGE_STANDARD = gnu11;
				GCC_DYNAMIC_NO_PIC = NO;
				GCC_NO_COMMON_BLOCKS = YES;
				GCC_OPTIMIZATION_LEVEL = 0;
				GCC_PREPROCESSOR_DEFINITIONS = (
					"DEBUG=1",
					"$(inherited)",
				);
				GCC_WARN_64_TO_32_BIT_CONVERSION = YES;
				GCC_WARN_ABOUT_RETURN_TYPE = YES_ERROR;
				GCC_WARN_UNDECLARED_SELECTOR = YES;
				GCC_WARN_UNINITIALIZED_AUTOS = YES_AGGRESSIVE;
				GCC_WARN_UNUSED_FUNCTION = YES;
				GCC_WARN_UNUSED_VARIABLE = YES;
				IPHONEOS_DEPLOYMENT_TARGET = 16.4;
				MTL_ENABLE_DEBUG_INFO = INCLUDE_SOURCE;
				MTL_FAST_MATH = YES;
				ONLY_ACTIVE_ARCH = YES;
				SDKROOT = iphoneos;
				SWIFT_ACTIVE_COMPILATION_CONDITIONS = TEST;
				SWIFT_OPTIMIZATION_LEVEL = "-Onone";
			};
			name = Test;
		};
		2FEE10312998C89C000822E1 /* Test */ = {
			isa = XCBuildConfiguration;
			buildSettings = {
				ASSETCATALOG_COMPILER_APPICON_NAME = AppIcon;
				ASSETCATALOG_COMPILER_GLOBAL_ACCENT_COLOR_NAME = AccentColor;
				CODE_SIGN_ENTITLEMENTS = "LLMonFHIR/Supporting Files/LLMonFHIR.entitlements";
				CODE_SIGN_IDENTITY = "Apple Development";
				CODE_SIGN_STYLE = Automatic;
				CURRENT_PROJECT_VERSION = 1;
				DEVELOPMENT_ASSET_PATHS = "";
				DEVELOPMENT_TEAM = "";
				ENABLE_PREVIEWS = YES;
				GENERATE_INFOPLIST_FILE = YES;
				INFOPLIST_FILE = "LLMonFHIR/Supporting Files/Info.plist";
				INFOPLIST_KEY_NSCameraUsageDescription = "This message should never appear. Please adjust this when you start using camera information. We have to put this in here as ResearchKit has the possibility to use it and not putting it here returns an error on AppStore Connect.";
				INFOPLIST_KEY_NSHealthClinicalHealthRecordsShareUsageDescription = "The Spezi LLMonFHIR uses the health data to demonstrate the capabilities of LLMs to explain medical concepts based on patient data provided by FHIR APIs.";
				INFOPLIST_KEY_NSHealthShareUsageDescription = "The Spezi LLMonFHIR uses the health data to demonstrate the capabilities of LLMs to explain medical concepts based on patient data provided by FHIR APIs.";
				INFOPLIST_KEY_NSHealthUpdateUsageDescription = "The Spezi LLMonFHIR uses the step count to demonstrate Spezi's integration with HealthKit.";
				INFOPLIST_KEY_NSLocationAlwaysAndWhenInUseUsageDescription = "This message should never appear. Please adjust this when you start using location information. We have to put this in here as ResearchKit has the possibility to use it and not putting it here returns an error on AppStore Connect.";
				INFOPLIST_KEY_NSLocationWhenInUseUsageDescription = "This message should never appear. Please adjust this when you start using location information. We have to put this in here as ResearchKit has the possibility to use it and not putting it here returns an error on AppStore Connect.";
				INFOPLIST_KEY_NSMicrophoneUsageDescription = "This message should never appear. Please adjust this when you start using microphone information. We have to put this in here as ResearchKit has the possibility to use it and not putting it here returns an error on AppStore Connect.";
				INFOPLIST_KEY_NSMotionUsageDescription = "This message should never appear. Please adjust this when you start using motion information. We have to put this in here as ResearchKit has the possibility to use it and not putting it here returns an error on AppStore Connect.";
				INFOPLIST_KEY_NSSpeechRecognitionUsageDescription = "This message should never appear. Please adjust this when you start using speecg information. We have to put this in here as ResearchKit has the possibility to use it and not putting it here returns an error on AppStore Connect.";
				INFOPLIST_KEY_UILLMonFHIRlicationSceneManifest_Generation = YES;
				INFOPLIST_KEY_UILLMonFHIRlicationSupportsIndirectInputEvents = YES;
				INFOPLIST_KEY_UILaunchScreen_Generation = YES;
				INFOPLIST_KEY_UISupportedInterfaceOrientations = UIInterfaceOrientationPortrait;
				INFOPLIST_KEY_UISupportedInterfaceOrientations_iPad = "UIInterfaceOrientationLandscapeLeft UIInterfaceOrientationLandscapeRight UIInterfaceOrientationPortrait UIInterfaceOrientationPortraitUpsideDown";
				IPHONEOS_DEPLOYMENT_TARGET = 16.4;
				LD_RUNPATH_SEARCH_PATHS = (
					"$(inherited)",
					"@executable_path/Frameworks",
				);
				MARKETING_VERSION = 1.0;
				PRODUCT_BUNDLE_IDENTIFIER = edu.stanford.bdhg.llmonfhir;
				PRODUCT_NAME = "$(TARGET_NAME)";
				PROVISIONING_PROFILE_SPECIFIER = "";
				SUPPORTED_PLATFORMS = "iphoneos iphonesimulator";
				SUPPORTS_MACCATALYST = NO;
				SUPPORTS_MAC_DESIGNED_FOR_IPHONE_IPAD = NO;
				"SWIFT_ELicenseRef-LLMonFHIR_LOC_STRINGS" = YES;
				SWIFT_VERSION = 5.0;
				TARGETED_DEVICE_FAMILY = 1;
			};
			name = Test;
		};
		2FEE10322998C89C000822E1 /* Test */ = {
			isa = XCBuildConfiguration;
			buildSettings = {
				ALWAYS_EMBED_SWIFT_STANDARD_LIBRARIES = YES;
				BUNDLE_LOADER = "$(TEST_HOST)";
				CODE_SIGN_STYLE = Automatic;
				CURRENT_PROJECT_VERSION = 1;
				DEVELOPMENT_TEAM = 637867499T;
				GENERATE_INFOPLIST_FILE = YES;
				IPHONEOS_DEPLOYMENT_TARGET = 16.4;
				MARKETING_VERSION = 1.0;
				PRODUCT_BUNDLE_IDENTIFIER = edu.stanford.bdhg.llmonfhir.tests;
				PRODUCT_NAME = "$(TARGET_NAME)";
				"SWIFT_ELicenseRef-LLMonFHIR_LOC_STRINGS" = NO;
				SWIFT_VERSION = 5.0;
				TARGETED_DEVICE_FAMILY = "1,2";
				TEST_HOST = "$(BUILT_PRODUCTS_DIR)/LLMonFHIR.app/LLMonFHIR";
			};
			name = Test;
		};
		2FEE10332998C89C000822E1 /* Test */ = {
			isa = XCBuildConfiguration;
			buildSettings = {
				ALWAYS_EMBED_SWIFT_STANDARD_LIBRARIES = YES;
				CODE_SIGN_STYLE = Automatic;
				CURRENT_PROJECT_VERSION = 1;
				DEVELOPMENT_TEAM = Y65AD5HVCG;
				GENERATE_INFOPLIST_FILE = YES;
				IPHONEOS_DEPLOYMENT_TARGET = 16.4;
				MARKETING_VERSION = 1.0;
				PRODUCT_BUNDLE_IDENTIFIER = edu.stanford.bdhg.llmonfhiruitests;
				PRODUCT_NAME = "$(TARGET_NAME)";
				"SWIFT_ELicenseRef-LLMonFHIR_LOC_STRINGS" = NO;
				SWIFT_VERSION = 5.0;
				TARGETED_DEVICE_FAMILY = "1,2";
				TEST_TARGET_NAME = LLMonFHIR;
			};
			name = Test;
		};
		653A256F28338800005D4D48 /* Debug */ = {
			isa = XCBuildConfiguration;
			buildSettings = {
				ALWAYS_SEARCH_USER_PATHS = NO;
				CLANG_ANALYZER_NONNULL = YES;
				CLANG_ANALYZER_NUMBER_OBJECT_CONVERSION = YES_AGGRESSIVE;
				CLANG_CXX_LANGUAGE_STANDARD = "gnu++17";
				CLANG_ENABLE_MODULES = YES;
				CLANG_ENABLE_OBJC_ARC = YES;
				CLANG_ENABLE_OBJC_WEAK = YES;
				CLANG_WARN_BLOCK_CAPTURE_AUTORELEASING = YES;
				CLANG_WARN_BOOL_CONVERSION = YES;
				CLANG_WARN_COMMA = YES;
				CLANG_WARN_CONSTANT_CONVERSION = YES;
				CLANG_WARN_DEPRECATED_OBJC_IMPLEMENTATIONS = YES;
				CLANG_WARN_DIRECT_OBJC_ISA_USAGE = YES_ERROR;
				CLANG_WARN_DOCUMENTATION_COMMENTS = YES;
				CLANG_WARN_EMPTY_BODY = YES;
				CLANG_WARN_ENUM_CONVERSION = YES;
				CLANG_WARN_INFINITE_RECURSION = YES;
				CLANG_WARN_INT_CONVERSION = YES;
				CLANG_WARN_NON_LITERAL_NULL_CONVERSION = YES;
				CLANG_WARN_OBJC_IMPLICIT_RETAIN_SELF = YES;
				CLANG_WARN_OBJC_LITERAL_CONVERSION = YES;
				CLANG_WARN_OBJC_ROOT_CLASS = YES_ERROR;
				CLANG_WARN_QUOTED_INCLUDE_IN_FRAMEWORK_HEADER = YES;
				CLANG_WARN_RANGE_LOOP_ANALYSIS = YES;
				CLANG_WARN_STRICT_PROTOTYPES = YES;
				CLANG_WARN_SUSPICIOUS_MOVE = YES;
				CLANG_WARN_UNGUARDED_AVAILABILITY = YES_AGGRESSIVE;
				CLANG_WARN_UNREACHABLE_CODE = YES;
				CLANG_WARN__DUPLICATE_METHOD_MATCH = YES;
				COPY_PHASE_STRIP = NO;
				DEBUG_INFORMATION_FORMAT = dwarf;
				ENABLE_STRICT_OBJC_MSGSEND = YES;
				ENABLE_TESTABILITY = YES;
				GCC_C_LANGUAGE_STANDARD = gnu11;
				GCC_DYNAMIC_NO_PIC = NO;
				GCC_NO_COMMON_BLOCKS = YES;
				GCC_OPTIMIZATION_LEVEL = 0;
				GCC_PREPROCESSOR_DEFINITIONS = (
					"DEBUG=1",
					"$(inherited)",
				);
				GCC_WARN_64_TO_32_BIT_CONVERSION = YES;
				GCC_WARN_ABOUT_RETURN_TYPE = YES_ERROR;
				GCC_WARN_UNDECLARED_SELECTOR = YES;
				GCC_WARN_UNINITIALIZED_AUTOS = YES_AGGRESSIVE;
				GCC_WARN_UNUSED_FUNCTION = YES;
				GCC_WARN_UNUSED_VARIABLE = YES;
				IPHONEOS_DEPLOYMENT_TARGET = 16.4;
				MTL_ENABLE_DEBUG_INFO = INCLUDE_SOURCE;
				MTL_FAST_MATH = YES;
				ONLY_ACTIVE_ARCH = YES;
				SDKROOT = iphoneos;
				SWIFT_ACTIVE_COMPILATION_CONDITIONS = DEBUG;
				SWIFT_OPTIMIZATION_LEVEL = "-Onone";
			};
			name = Debug;
		};
		653A257028338800005D4D48 /* Release */ = {
			isa = XCBuildConfiguration;
			buildSettings = {
				ALWAYS_SEARCH_USER_PATHS = NO;
				CLANG_ANALYZER_NONNULL = YES;
				CLANG_ANALYZER_NUMBER_OBJECT_CONVERSION = YES_AGGRESSIVE;
				CLANG_CXX_LANGUAGE_STANDARD = "gnu++17";
				CLANG_ENABLE_MODULES = YES;
				CLANG_ENABLE_OBJC_ARC = YES;
				CLANG_ENABLE_OBJC_WEAK = YES;
				CLANG_WARN_BLOCK_CAPTURE_AUTORELEASING = YES;
				CLANG_WARN_BOOL_CONVERSION = YES;
				CLANG_WARN_COMMA = YES;
				CLANG_WARN_CONSTANT_CONVERSION = YES;
				CLANG_WARN_DEPRECATED_OBJC_IMPLEMENTATIONS = YES;
				CLANG_WARN_DIRECT_OBJC_ISA_USAGE = YES_ERROR;
				CLANG_WARN_DOCUMENTATION_COMMENTS = YES;
				CLANG_WARN_EMPTY_BODY = YES;
				CLANG_WARN_ENUM_CONVERSION = YES;
				CLANG_WARN_INFINITE_RECURSION = YES;
				CLANG_WARN_INT_CONVERSION = YES;
				CLANG_WARN_NON_LITERAL_NULL_CONVERSION = YES;
				CLANG_WARN_OBJC_IMPLICIT_RETAIN_SELF = YES;
				CLANG_WARN_OBJC_LITERAL_CONVERSION = YES;
				CLANG_WARN_OBJC_ROOT_CLASS = YES_ERROR;
				CLANG_WARN_QUOTED_INCLUDE_IN_FRAMEWORK_HEADER = YES;
				CLANG_WARN_RANGE_LOOP_ANALYSIS = YES;
				CLANG_WARN_STRICT_PROTOTYPES = YES;
				CLANG_WARN_SUSPICIOUS_MOVE = YES;
				CLANG_WARN_UNGUARDED_AVAILABILITY = YES_AGGRESSIVE;
				CLANG_WARN_UNREACHABLE_CODE = YES;
				CLANG_WARN__DUPLICATE_METHOD_MATCH = YES;
				COPY_PHASE_STRIP = NO;
				DEBUG_INFORMATION_FORMAT = "dwarf-with-dsym";
				ENABLE_NS_ASSERTIONS = NO;
				ENABLE_STRICT_OBJC_MSGSEND = YES;
				GCC_C_LANGUAGE_STANDARD = gnu11;
				GCC_NO_COMMON_BLOCKS = YES;
				GCC_WARN_64_TO_32_BIT_CONVERSION = YES;
				GCC_WARN_ABOUT_RETURN_TYPE = YES_ERROR;
				GCC_WARN_UNDECLARED_SELECTOR = YES;
				GCC_WARN_UNINITIALIZED_AUTOS = YES_AGGRESSIVE;
				GCC_WARN_UNUSED_FUNCTION = YES;
				GCC_WARN_UNUSED_VARIABLE = YES;
				IPHONEOS_DEPLOYMENT_TARGET = 16.4;
				MTL_ENABLE_DEBUG_INFO = NO;
				MTL_FAST_MATH = YES;
				SDKROOT = iphoneos;
				SWIFT_COMPILATION_MODE = wholemodule;
				SWIFT_OPTIMIZATION_LEVEL = "-O";
				VALIDATE_PRODUCT = YES;
			};
			name = Release;
		};
		653A257228338800005D4D48 /* Debug */ = {
			isa = XCBuildConfiguration;
			buildSettings = {
				ASSETCATALOG_COMPILER_APPICON_NAME = AppIcon;
				ASSETCATALOG_COMPILER_GLOBAL_ACCENT_COLOR_NAME = AccentColor;
				CODE_SIGN_ENTITLEMENTS = "LLMonFHIR/Supporting Files/LLMonFHIR.entitlements";
				CODE_SIGN_IDENTITY = "Apple Development";
				CODE_SIGN_STYLE = Automatic;
				CURRENT_PROJECT_VERSION = 1;
				DEVELOPMENT_ASSET_PATHS = "";
				DEVELOPMENT_TEAM = "";
				ENABLE_PREVIEWS = YES;
				GENERATE_INFOPLIST_FILE = YES;
				INFOPLIST_FILE = "LLMonFHIR/Supporting Files/Info.plist";
				INFOPLIST_KEY_NSCameraUsageDescription = "This message should never appear. Please adjust this when you start using camera information. We have to put this in here as ResearchKit has the possibility to use it and not putting it here returns an error on AppStore Connect.";
				INFOPLIST_KEY_NSHealthClinicalHealthRecordsShareUsageDescription = "The Spezi LLMonFHIR uses the health data to demonstrate the capabilities of LLMs to explain medical concepts based on patient data provided by FHIR APIs.";
				INFOPLIST_KEY_NSHealthShareUsageDescription = "The Spezi LLMonFHIR uses the health data to demonstrate the capabilities of LLMs to explain medical concepts based on patient data provided by FHIR APIs.";
				INFOPLIST_KEY_NSHealthUpdateUsageDescription = "The Spezi LLMonFHIR uses the step count to demonstrate Spezi's integration with HealthKit.";
				INFOPLIST_KEY_NSLocationAlwaysAndWhenInUseUsageDescription = "This message should never appear. Please adjust this when you start using location information. We have to put this in here as ResearchKit has the possibility to use it and not putting it here returns an error on AppStore Connect.";
				INFOPLIST_KEY_NSLocationWhenInUseUsageDescription = "This message should never appear. Please adjust this when you start using location information. We have to put this in here as ResearchKit has the possibility to use it and not putting it here returns an error on AppStore Connect.";
				INFOPLIST_KEY_NSMicrophoneUsageDescription = "This message should never appear. Please adjust this when you start using microphone information. We have to put this in here as ResearchKit has the possibility to use it and not putting it here returns an error on AppStore Connect.";
				INFOPLIST_KEY_NSMotionUsageDescription = "This message should never appear. Please adjust this when you start using motion information. We have to put this in here as ResearchKit has the possibility to use it and not putting it here returns an error on AppStore Connect.";
				INFOPLIST_KEY_NSSpeechRecognitionUsageDescription = "This message should never appear. Please adjust this when you start using speecg information. We have to put this in here as ResearchKit has the possibility to use it and not putting it here returns an error on AppStore Connect.";
				INFOPLIST_KEY_UILLMonFHIRlicationSceneManifest_Generation = YES;
				INFOPLIST_KEY_UILLMonFHIRlicationSupportsIndirectInputEvents = YES;
				INFOPLIST_KEY_UILaunchScreen_Generation = YES;
				INFOPLIST_KEY_UISupportedInterfaceOrientations = UIInterfaceOrientationPortrait;
				INFOPLIST_KEY_UISupportedInterfaceOrientations_iPad = "UIInterfaceOrientationLandscapeLeft UIInterfaceOrientationLandscapeRight UIInterfaceOrientationPortrait UIInterfaceOrientationPortraitUpsideDown";
				IPHONEOS_DEPLOYMENT_TARGET = 16.4;
				LD_RUNPATH_SEARCH_PATHS = (
					"$(inherited)",
					"@executable_path/Frameworks",
				);
				MARKETING_VERSION = 1.0;
				PRODUCT_BUNDLE_IDENTIFIER = edu.stanford.bdhg.llmonfhir;
				PRODUCT_NAME = "$(TARGET_NAME)";
				PROVISIONING_PROFILE_SPECIFIER = "";
				SUPPORTED_PLATFORMS = "iphoneos iphonesimulator";
				SUPPORTS_MACCATALYST = NO;
				SUPPORTS_MAC_DESIGNED_FOR_IPHONE_IPAD = NO;
				"SWIFT_ELicenseRef-LLMonFHIR_LOC_STRINGS" = YES;
				SWIFT_VERSION = 5.0;
				TARGETED_DEVICE_FAMILY = 1;
			};
			name = Debug;
		};
		653A257328338800005D4D48 /* Release */ = {
			isa = XCBuildConfiguration;
			buildSettings = {
				ASSETCATALOG_COMPILER_APPICON_NAME = AppIcon;
				ASSETCATALOG_COMPILER_GLOBAL_ACCENT_COLOR_NAME = AccentColor;
				CODE_SIGN_ENTITLEMENTS = "LLMonFHIR/Supporting Files/LLMonFHIR.entitlements";
				CODE_SIGN_IDENTITY = "Apple Development";
				CODE_SIGN_STYLE = Automatic;
				CURRENT_PROJECT_VERSION = 1;
				DEVELOPMENT_ASSET_PATHS = "";
				DEVELOPMENT_TEAM = "";
				ENABLE_PREVIEWS = YES;
				GENERATE_INFOPLIST_FILE = YES;
				INFOPLIST_FILE = "LLMonFHIR/Supporting Files/Info.plist";
				INFOPLIST_KEY_NSCameraUsageDescription = "This message should never appear. Please adjust this when you start using camera information. We have to put this in here as ResearchKit has the possibility to use it and not putting it here returns an error on AppStore Connect.";
				INFOPLIST_KEY_NSHealthClinicalHealthRecordsShareUsageDescription = "The Spezi LLMonFHIR uses the health data to demonstrate the capabilities of LLMs to explain medical concepts based on patient data provided by FHIR APIs.";
				INFOPLIST_KEY_NSHealthShareUsageDescription = "The Spezi LLMonFHIR uses the health data to demonstrate the capabilities of LLMs to explain medical concepts based on patient data provided by FHIR APIs.";
				INFOPLIST_KEY_NSHealthUpdateUsageDescription = "The Spezi LLMonFHIR uses the step count to demonstrate Spezi's integration with HealthKit.";
				INFOPLIST_KEY_NSLocationAlwaysAndWhenInUseUsageDescription = "This message should never appear. Please adjust this when you start using location information. We have to put this in here as ResearchKit has the possibility to use it and not putting it here returns an error on AppStore Connect.";
				INFOPLIST_KEY_NSLocationWhenInUseUsageDescription = "This message should never appear. Please adjust this when you start using location information. We have to put this in here as ResearchKit has the possibility to use it and not putting it here returns an error on AppStore Connect.";
				INFOPLIST_KEY_NSMicrophoneUsageDescription = "This message should never appear. Please adjust this when you start using microphone information. We have to put this in here as ResearchKit has the possibility to use it and not putting it here returns an error on AppStore Connect.";
				INFOPLIST_KEY_NSMotionUsageDescription = "This message should never appear. Please adjust this when you start using motion information. We have to put this in here as ResearchKit has the possibility to use it and not putting it here returns an error on AppStore Connect.";
				INFOPLIST_KEY_NSSpeechRecognitionUsageDescription = "This message should never appear. Please adjust this when you start using speecg information. We have to put this in here as ResearchKit has the possibility to use it and not putting it here returns an error on AppStore Connect.";
				INFOPLIST_KEY_UILLMonFHIRlicationSceneManifest_Generation = YES;
				INFOPLIST_KEY_UILLMonFHIRlicationSupportsIndirectInputEvents = YES;
				INFOPLIST_KEY_UILaunchScreen_Generation = YES;
				INFOPLIST_KEY_UISupportedInterfaceOrientations = UIInterfaceOrientationPortrait;
				INFOPLIST_KEY_UISupportedInterfaceOrientations_iPad = "UIInterfaceOrientationLandscapeLeft UIInterfaceOrientationLandscapeRight UIInterfaceOrientationPortrait UIInterfaceOrientationPortraitUpsideDown";
				IPHONEOS_DEPLOYMENT_TARGET = 16.4;
				LD_RUNPATH_SEARCH_PATHS = (
					"$(inherited)",
					"@executable_path/Frameworks",
				);
				MARKETING_VERSION = 1.0;
				PRODUCT_BUNDLE_IDENTIFIER = edu.stanford.bdhg.llmonfhir;
				PRODUCT_NAME = "$(TARGET_NAME)";
				PROVISIONING_PROFILE_SPECIFIER = "";
				SUPPORTED_PLATFORMS = "iphoneos iphonesimulator";
				SUPPORTS_MACCATALYST = NO;
				SUPPORTS_MAC_DESIGNED_FOR_IPHONE_IPAD = NO;
				"SWIFT_ELicenseRef-LLMonFHIR_LOC_STRINGS" = YES;
				SWIFT_VERSION = 5.0;
				TARGETED_DEVICE_FAMILY = 1;
			};
			name = Release;
		};
		653A257528338800005D4D48 /* Debug */ = {
			isa = XCBuildConfiguration;
			buildSettings = {
				ALWAYS_EMBED_SWIFT_STANDARD_LIBRARIES = YES;
				BUNDLE_LOADER = "$(TEST_HOST)";
				CODE_SIGN_STYLE = Automatic;
				CURRENT_PROJECT_VERSION = 1;
				DEVELOPMENT_TEAM = 637867499T;
				GENERATE_INFOPLIST_FILE = YES;
				IPHONEOS_DEPLOYMENT_TARGET = 16.4;
				MARKETING_VERSION = 1.0;
				PRODUCT_BUNDLE_IDENTIFIER = edu.stanford.bdhg.llmonfhir.tests;
				PRODUCT_NAME = "$(TARGET_NAME)";
				"SWIFT_ELicenseRef-LLMonFHIR_LOC_STRINGS" = NO;
				SWIFT_VERSION = 5.0;
				TARGETED_DEVICE_FAMILY = "1,2";
				TEST_HOST = "$(BUILT_PRODUCTS_DIR)/LLMonFHIR.app/LLMonFHIR";
			};
			name = Debug;
		};
		653A257628338800005D4D48 /* Release */ = {
			isa = XCBuildConfiguration;
			buildSettings = {
				ALWAYS_EMBED_SWIFT_STANDARD_LIBRARIES = YES;
				BUNDLE_LOADER = "$(TEST_HOST)";
				CODE_SIGN_STYLE = Automatic;
				CURRENT_PROJECT_VERSION = 1;
				DEVELOPMENT_TEAM = 637867499T;
				GENERATE_INFOPLIST_FILE = YES;
				IPHONEOS_DEPLOYMENT_TARGET = 16.4;
				MARKETING_VERSION = 1.0;
				PRODUCT_BUNDLE_IDENTIFIER = edu.stanford.bdhg.llmonfhir.tests;
				PRODUCT_NAME = "$(TARGET_NAME)";
				"SWIFT_ELicenseRef-LLMonFHIR_LOC_STRINGS" = NO;
				SWIFT_VERSION = 5.0;
				TARGETED_DEVICE_FAMILY = "1,2";
				TEST_HOST = "$(BUILT_PRODUCTS_DIR)/LLMonFHIR.app/LLMonFHIR";
			};
			name = Release;
		};
		653A257828338800005D4D48 /* Debug */ = {
			isa = XCBuildConfiguration;
			buildSettings = {
				ALWAYS_EMBED_SWIFT_STANDARD_LIBRARIES = YES;
				CODE_SIGN_STYLE = Automatic;
				CURRENT_PROJECT_VERSION = 1;
				DEVELOPMENT_TEAM = Y65AD5HVCG;
				GENERATE_INFOPLIST_FILE = YES;
				IPHONEOS_DEPLOYMENT_TARGET = 16.4;
				MARKETING_VERSION = 1.0;
				PRODUCT_BUNDLE_IDENTIFIER = edu.stanford.bdhg.llmonfhiruitests;
				PRODUCT_NAME = "$(TARGET_NAME)";
				"SWIFT_ELicenseRef-LLMonFHIR_LOC_STRINGS" = NO;
				SWIFT_VERSION = 5.0;
				TARGETED_DEVICE_FAMILY = "1,2";
				TEST_TARGET_NAME = LLMonFHIR;
			};
			name = Debug;
		};
		653A257928338800005D4D48 /* Release */ = {
			isa = XCBuildConfiguration;
			buildSettings = {
				ALWAYS_EMBED_SWIFT_STANDARD_LIBRARIES = YES;
				CODE_SIGN_STYLE = Automatic;
				CURRENT_PROJECT_VERSION = 1;
				DEVELOPMENT_TEAM = Y65AD5HVCG;
				GENERATE_INFOPLIST_FILE = YES;
				IPHONEOS_DEPLOYMENT_TARGET = 16.4;
				MARKETING_VERSION = 1.0;
				PRODUCT_BUNDLE_IDENTIFIER = edu.stanford.bdhg.llmonfhiruitests;
				PRODUCT_NAME = "$(TARGET_NAME)";
				"SWIFT_ELicenseRef-LLMonFHIR_LOC_STRINGS" = NO;
				SWIFT_VERSION = 5.0;
				TARGETED_DEVICE_FAMILY = "1,2";
				TEST_TARGET_NAME = LLMonFHIR;
			};
			name = Release;
		};
/* End XCBuildConfiguration section */

/* Begin XCConfigurationList section */
		653A2548283387FE005D4D48 /* Build configuration list for PBXProject "LLMonFHIR" */ = {
			isa = XCConfigurationList;
			buildConfigurations = (
				653A256F28338800005D4D48 /* Debug */,
				2FEE10302998C89C000822E1 /* Test */,
				653A257028338800005D4D48 /* Release */,
			);
			defaultConfigurationIsVisible = 0;
			defaultConfigurationName = Release;
		};
		653A257128338800005D4D48 /* Build configuration list for PBXNativeTarget "LLMonFHIR" */ = {
			isa = XCConfigurationList;
			buildConfigurations = (
				653A257228338800005D4D48 /* Debug */,
				2FEE10312998C89C000822E1 /* Test */,
				653A257328338800005D4D48 /* Release */,
			);
			defaultConfigurationIsVisible = 0;
			defaultConfigurationName = Release;
		};
		653A257428338800005D4D48 /* Build configuration list for PBXNativeTarget "LLMonFHIRTests" */ = {
			isa = XCConfigurationList;
			buildConfigurations = (
				653A257528338800005D4D48 /* Debug */,
				2FEE10322998C89C000822E1 /* Test */,
				653A257628338800005D4D48 /* Release */,
			);
			defaultConfigurationIsVisible = 0;
			defaultConfigurationName = Release;
		};
		653A257728338800005D4D48 /* Build configuration list for PBXNativeTarget "LLMonFHIRUITests" */ = {
			isa = XCConfigurationList;
			buildConfigurations = (
				653A257828338800005D4D48 /* Debug */,
				2FEE10332998C89C000822E1 /* Test */,
				653A257928338800005D4D48 /* Release */,
			);
			defaultConfigurationIsVisible = 0;
			defaultConfigurationName = Release;
		};
/* End XCConfigurationList section */

/* Begin XCRemoteSwiftPackageReference section */
		2F49B7742980407B00BCB272 /* XCRemoteSwiftPackageReference "Spezi" */ = {
			isa = XCRemoteSwiftPackageReference;
			repositoryURL = "https://github.com/StanfordSpezi/Spezi";
			requirement = {
				kind = upToNextMinorVersion;
				minimumVersion = 0.5.0;
			};
		};
		2F901CE02A1A03360007C167 /* XCRemoteSwiftPackageReference "SpeziML" */ = {
			isa = XCRemoteSwiftPackageReference;
			repositoryURL = "https://github.com/StanfordSpezi/SpeziML.git";
			requirement = {
				kind = upToNextMinorVersion;
				minimumVersion = 0.1.5;
			};
		};
		2FD8E8282A1AADDA00357F4E /* XCRemoteSwiftPackageReference "FHIRModels" */ = {
			isa = XCRemoteSwiftPackageReference;
			repositoryURL = "https://github.com/apple/FHIRModels";
			requirement = {
				kind = upToNextMinorVersion;
				minimumVersion = 0.5.0;
			};
		};
		2FD8E82F2A1AB00D00357F4E /* XCRemoteSwiftPackageReference "HealthKitOnFHIR" */ = {
			isa = XCRemoteSwiftPackageReference;
			repositoryURL = "https://github.com/StanfordBDHG/HealthKitOnFHIR.git";
			requirement = {
				kind = upToNextMinorVersion;
				minimumVersion = 0.2.3;
			};
		};
		2FD8E83E2A1AE3F200357F4E /* XCRemoteSwiftPackageReference "SpeziViews" */ = {
			isa = XCRemoteSwiftPackageReference;
			repositoryURL = "https://github.com/StanfordSpezi/SpeziViews.git";
			requirement = {
				kind = upToNextMinorVersion;
				minimumVersion = 0.3.0;
			};
		};
		2FE5DC7029EDD8D3004B9AB4 /* XCRemoteSwiftPackageReference "SpeziHealthKit" */ = {
			isa = XCRemoteSwiftPackageReference;
			repositoryURL = "https://github.com/StanfordSpezi/SpeziHealthKit.git";
			requirement = {
				kind = upToNextMinorVersion;
				minimumVersion = 0.2.1;
			};
		};
		2FE5DC7F29EDD91D004B9AB4 /* XCRemoteSwiftPackageReference "SpeziOnboarding" */ = {
			isa = XCRemoteSwiftPackageReference;
			repositoryURL = "https://github.com/StanfordSpezi/SpeziOnboarding.git";
			requirement = {
				kind = upToNextMinorVersion;
				minimumVersion = 0.3.0;
			};
		};
		2FE5DC9729EDD9D9004B9AB4 /* XCRemoteSwiftPackageReference "XCTestExtensions" */ = {
			isa = XCRemoteSwiftPackageReference;
			repositoryURL = "https://github.com/StanfordBDHG/XCTestExtensions.git";
			requirement = {
				kind = upToNextMinorVersion;
				minimumVersion = 0.4.2;
			};
		};
		2FE5DC9A29EDD9EF004B9AB4 /* XCRemoteSwiftPackageReference "XCTHealthKit" */ = {
			isa = XCRemoteSwiftPackageReference;
			repositoryURL = "https://github.com/StanfordBDHG/XCTHealthKit.git";
			requirement = {
				kind = upToNextMinorVersion;
				minimumVersion = 0.3.3;
			};
		};
/* End XCRemoteSwiftPackageReference section */

/* Begin XCSwiftPackageProductDependency section */
		2F49B7752980407B00BCB272 /* Spezi */ = {
			isa = XCSwiftPackageProductDependency;
			package = 2F49B7742980407B00BCB272 /* XCRemoteSwiftPackageReference "Spezi" */;
			productName = Spezi;
		};
		2F901CE12A1A03360007C167 /* SpeziOpenAI */ = {
			isa = XCSwiftPackageProductDependency;
			package = 2F901CE02A1A03360007C167 /* XCRemoteSwiftPackageReference "SpeziML" */;
			productName = SpeziOpenAI;
		};
		2FD8E8292A1AADDA00357F4E /* ModelsDSTU2 */ = {
			isa = XCSwiftPackageProductDependency;
			package = 2FD8E8282A1AADDA00357F4E /* XCRemoteSwiftPackageReference "FHIRModels" */;
			productName = ModelsDSTU2;
		};
		2FD8E82B2A1AADDA00357F4E /* ModelsR4 */ = {
			isa = XCSwiftPackageProductDependency;
			package = 2FD8E8282A1AADDA00357F4E /* XCRemoteSwiftPackageReference "FHIRModels" */;
			productName = ModelsR4;
		};
		2FD8E8302A1AB00D00357F4E /* HealthKitOnFHIR */ = {
			isa = XCSwiftPackageProductDependency;
			package = 2FD8E82F2A1AB00D00357F4E /* XCRemoteSwiftPackageReference "HealthKitOnFHIR" */;
			productName = HealthKitOnFHIR;
		};
		2FD8E83F2A1AE3F200357F4E /* SpeziViews */ = {
			isa = XCSwiftPackageProductDependency;
			package = 2FD8E83E2A1AE3F200357F4E /* XCRemoteSwiftPackageReference "SpeziViews" */;
			productName = SpeziViews;
		};
		2FE5DC7129EDD8D3004B9AB4 /* SpeziHealthKit */ = {
			isa = XCSwiftPackageProductDependency;
			package = 2FE5DC7029EDD8D3004B9AB4 /* XCRemoteSwiftPackageReference "SpeziHealthKit" */;
			productName = SpeziHealthKit;
		};
		2FE5DC8029EDD91D004B9AB4 /* SpeziOnboarding */ = {
			isa = XCSwiftPackageProductDependency;
			package = 2FE5DC7F29EDD91D004B9AB4 /* XCRemoteSwiftPackageReference "SpeziOnboarding" */;
			productName = SpeziOnboarding;
		};
		2FE5DC9829EDD9D9004B9AB4 /* XCTestExtensions */ = {
			isa = XCSwiftPackageProductDependency;
			package = 2FE5DC9729EDD9D9004B9AB4 /* XCRemoteSwiftPackageReference "XCTestExtensions" */;
			productName = XCTestExtensions;
		};
		2FE5DC9B29EDD9EF004B9AB4 /* XCTHealthKit */ = {
			isa = XCSwiftPackageProductDependency;
			package = 2FE5DC9A29EDD9EF004B9AB4 /* XCRemoteSwiftPackageReference "XCTHealthKit" */;
			productName = XCTHealthKit;
		};
/* End XCSwiftPackageProductDependency section */
	};
	rootObject = 653A2545283387FE005D4D48 /* Project object */;
}
