{
  "pins" : [
    {
      "identity" : "fhirmodels",
      "kind" : "remoteSourceControl",
      "location" : "https://github.com/apple/FHIRModels",
      "state" : {
        "revision" : "861afd5816a98d38f86220eab2f812d76cad84a0",
        "version" : "0.5.0"
      }
    },
    {
      "identity" : "healthkitonfhir",
      "kind" : "remoteSourceControl",
      "location" : "https://github.com/StanfordBDHG/HealthKitOnFHIR",
      "state" : {
        "revision" : "d10f408766264183cd50bb117b99580255520aa3",
        "version" : "0.2.3"
      }
    },
    {
      "identity" : "openai",
      "kind" : "remoteSourceControl",
      "location" : "https://github.com/MacPaw/OpenAI",
      "state" : {
        "revision" : "4da423fe637a628ebee8f214217a9e96060a5222",
        "version" : "0.2.1"
      }
    },
    {
      "identity" : "researchkit",
      "kind" : "remoteSourceControl",
      "location" : "https://github.com/StanfordBDHG/ResearchKit",
      "state" : {
        "revision" : "3ea06dcc596bd49571ae3353c9c1555776114072",
        "version" : "2.2.9"
      }
    },
    {
      "identity" : "researchkitonfhir",
      "kind" : "remoteSourceControl",
      "location" : "https://github.com/StanfordBDHG/ResearchKitOnFHIR",
      "state" : {
        "revision" : "b3576031a96abb25a2534a6a1fbf55c0b5c1a6ce",
        "version" : "0.2.1"
      }
    },
    {
      "identity" : "spezi",
      "kind" : "remoteSourceControl",
      "location" : "https://github.com/StanfordSpezi/Spezi",
      "state" : {
        "revision" : "46722660026008cdd51da6d39de82aa4743016e8",
        "version" : "0.5.0"
      }
    },
    {
      "identity" : "speziaccount",
      "kind" : "remoteSourceControl",
      "location" : "https://github.com/StanfordSpezi/SpeziAccount.git",
      "state" : {
        "revision" : "8547b117fdf1d624b628eaf382c1552b208b3a68",
        "version" : "0.3.0"
      }
    },
    {
      "identity" : "spezicontact",
      "kind" : "remoteSourceControl",
      "location" : "https://github.com/StanfordSpezi/SpeziContact.git",
      "state" : {
        "revision" : "16b1d4ff1d8ad95e1aaa642d93e49daea2d6de00",
        "version" : "0.3.0"
      }
    },
    {
      "identity" : "spezifhir",
      "kind" : "remoteSourceControl",
      "location" : "https://github.com/StanfordSpezi/SpeziFHIR.git",
      "state" : {
        "revision" : "6303e65ba339f89b86a6dc09aab243b50de33cd7",
        "version" : "0.3.0"
      }
    },
    {
      "identity" : "spezihealthkit",
      "kind" : "remoteSourceControl",
      "location" : "https://github.com/StanfordSpezi/SpeziHealthKit.git",
      "state" : {
        "revision" : "d03eabcaae2de1e25a626c9a3116dc50f01cdc68",
        "version" : "0.2.0"
      }
    },
    {
      "identity" : "spezihealthkittofhiradapter",
      "kind" : "remoteSourceControl",
      "location" : "https://github.com/StanfordSpezi/SpeziHealthKitToFHIRAdapter.git",
      "state" : {
        "revision" : "e43f2c05cebcd16a697397721e6a2d72bf418a9c",
        "version" : "0.3.0"
      }
    },
    {
      "identity" : "speziml",
      "kind" : "remoteSourceControl",
      "location" : "https://github.com/StanfordSpezi/SpeziML.git",
      "state" : {
        "revision" : "041ffeedb6fddaa5bffda191e8f231fa4f7c0882",
        "version" : "0.1.1"
      }
    },
    {
      "identity" : "spezionboarding",
      "kind" : "remoteSourceControl",
      "location" : "https://github.com/StanfordSpezi/SpeziOnboarding.git",
      "state" : {
        "revision" : "10109f18d7958098dbbc4c32786d237a57400f85",
        "version" : "0.3.0"
      }
    },
    {
      "identity" : "speziquestionnaire",
      "kind" : "remoteSourceControl",
      "location" : "https://github.com/StanfordSpezi/SpeziQuestionnaire.git",
      "state" : {
        "revision" : "7cbeb0a32e9efb055fbccb0317a381e947afd0fa",
        "version" : "0.3.0"
      }
    },
    {
      "identity" : "spezischeduler",
      "kind" : "remoteSourceControl",
      "location" : "https://github.com/StanfordSpezi/SpeziScheduler.git",
      "state" : {
        "revision" : "7ece78e29ea40246ad46b33108469b5414c22495",
        "version" : "0.4.0"
      }
    },
    {
      "identity" : "spezistorage",
      "kind" : "remoteSourceControl",
      "location" : "https://github.com/StanfordSpezi/SpeziStorage.git",
      "state" : {
        "revision" : "5dc128a257a6b4f7d2f4d96803c0cf89238bb922",
        "version" : "0.3.1"
      }
    },
    {
      "identity" : "speziviews",
      "kind" : "remoteSourceControl",
      "location" : "https://github.com/StanfordSpezi/SpeziViews.git",
      "state" : {
        "revision" : "c6975e84c735b8b8a13740012c1c194f48893fa8",
        "version" : "0.3.0"
      }
    },
    {
      "identity" : "xctestextensions",
      "kind" : "remoteSourceControl",
      "location" : "https://github.com/StanfordBDHG/XCTestExtensions.git",
      "state" : {
        "revision" : "54fd8030dbd0f34426ab28ff2593611dd5506357",
        "version" : "0.4.2"
      }
    },
    {
      "identity" : "xcthealthkit",
      "kind" : "remoteSourceControl",
      "location" : "https://github.com/StanfordBDHG/XCTHealthKit.git",
      "state" : {
        "revision" : "19395bbd14a2554e4c9d3fe5cf38aa626c807269",
        "version" : "0.3.3"
      }
    },
    {
      "identity" : "xctruntimeassertions",
      "kind" : "remoteSourceControl",
      "location" : "https://github.com/StanfordSpezi/XCTRuntimeAssertions",
      "state" : {
        "revision" : "8471ac76b9bb5645ba5ccb36a893919fccbf8851",
        "version" : "0.2.3"
      }
    }
  ],
  "version" : 2
}
