{
  "pins" : [
    {
      "identity" : "fhirmodels",
      "kind" : "remoteSourceControl",
      "location" : "https://github.com/apple/FHIRModels",
      "state" : {
        "revision" : "861afd5816a98d38f86220eab2f812d76cad84a0",
        "version" : "0.5.0"
      }
    },
    {
      "identity" : "healthkitonfhir",
      "kind" : "remoteSourceControl",
      "location" : "https://github.com/StanfordBDHG/HealthKitOnFHIR.git",
      "state" : {
        "revision" : "825e96007d83ed83f81ee49eb3ebab29d7b7ba2f",
        "version" : "0.2.5"
      }
    },
    {
      "identity" : "openai",
      "kind" : "remoteSourceControl",
      "location" : "https://github.com/MacPaw/OpenAI",
      "state" : {
        "revision" : "ac5892fd0de8d283362ddc30f8e9f1a0eaba8cc0",
        "version" : "0.2.5"
      }
    },
    {
      "identity" : "spezi",
      "kind" : "remoteSourceControl",
      "location" : "https://github.com/StanfordSpezi/Spezi",
      "state" : {
        "revision" : "d56ed07327cce8254b919665eb61e20bfd1467b0",
        "version" : "0.8.2"
      }
    },
    {
      "identity" : "spezifhir",
      "kind" : "remoteSourceControl",
      "location" : "https://github.com/StanfordSpezi/SpeziFHIR.git",
      "state" : {
        "branch" : "procedure_date",
        "revision" : "cd37a2fdd676863d37ffb369b133ace5e0cd3d40"
      }
    },
    {
      "identity" : "spezifoundation",
      "kind" : "remoteSourceControl",
      "location" : "https://github.com/StanfordSpezi/SpeziFoundation",
      "state" : {
        "revision" : "683c66f922a4cfe0882c4a86a43854f613b48541",
        "version" : "0.1.0"
      }
    },
    {
      "identity" : "spezihealthkit",
      "kind" : "remoteSourceControl",
      "location" : "https://github.com/StanfordSpezi/SpeziHealthKit.git",
      "state" : {
        "revision" : "30e12a0f66bed98830dddd6ab2be06140d078aaa",
        "version" : "0.4.0"
      }
    },
    {
      "identity" : "speziml",
      "kind" : "remoteSourceControl",
      "location" : "https://github.com/StanfordSpezi/SpeziML.git",
      "state" : {
        "revision" : "786dbba6023feaedf59aeff2f92d324cc7afaaba",
        "version" : "0.3.1"
      }
    },
    {
      "identity" : "spezionboarding",
      "kind" : "remoteSourceControl",
      "location" : "https://github.com/StanfordSpezi/SpeziOnboarding.git",
      "state" : {
        "revision" : "70d1a740a0da8a5bc83d95bcff177ebd3e7402c0",
        "version" : "0.7.0"
      }
    },
    {
      "identity" : "spezistorage",
      "kind" : "remoteSourceControl",
      "location" : "https://github.com/StanfordSpezi/SpeziStorage",
      "state" : {
        "revision" : "e9be3c2743e462894bf56d41339b040f4060b567",
        "version" : "0.5.0"
      }
    },
    {
      "identity" : "speziviews",
      "kind" : "remoteSourceControl",
      "location" : "https://github.com/StanfordSpezi/SpeziViews.git",
      "state" : {
        "revision" : "dcd0bc10ae8f22cba771ff9ab3ce16549f46f667",
        "version" : "0.6.3"
      }
    },
    {
      "identity" : "swift-collections",
      "kind" : "remoteSourceControl",
      "location" : "https://github.com/apple/swift-collections.git",
      "state" : {
        "revision" : "a902f1823a7ff3c9ab2fba0f992396b948eda307",
        "version" : "1.0.5"
      }
    },
    {
      "identity" : "xctestextensions",
      "kind" : "remoteSourceControl",
      "location" : "https://github.com/StanfordBDHG/XCTestExtensions.git",
      "state" : {
        "revision" : "388a6d6a5be48eff5d98a2c45e0b50f30ed21dc3",
        "version" : "0.4.7"
      }
    },
    {
      "identity" : "xcthealthkit",
      "kind" : "remoteSourceControl",
      "location" : "https://github.com/StanfordBDHG/XCTHealthKit.git",
      "state" : {
        "revision" : "6e9344a2d632b801d94fe3bbd1d891817e032103",
        "version" : "0.3.5"
      }
    },
    {
      "identity" : "xctruntimeassertions",
      "kind" : "remoteSourceControl",
      "location" : "https://github.com/StanfordBDHG/XCTRuntimeAssertions",
      "state" : {
        "revision" : "9226052589b8faece98861bc3d7b33b3ebfe4f5a",
        "version" : "0.2.5"
      }
    }
  ],
  "version" : 2
}
